// !$*UTF8*$!
{
	archiveVersion = 1;
	classes = {
	};
	objectVersion = 56;
	objects = {

/* Begin PBXBuildFile section */
		4502B0B428DD50D700F54CD2 /* plants.dae in Resources */ = {isa = PBXBuildFile; fileRef = 4502B0B328DD50D700F54CD2 /* plants.dae */; };
		451495E428E5D14B001DF3A8 /* EditPlantView.swift in Sources */ = {isa = PBXBuildFile; fileRef = 451495E328E5D14B001DF3A8 /* EditPlantView.swift */; };
		451495E628E5D648001DF3A8 /* ThemeEnum.swift in Sources */ = {isa = PBXBuildFile; fileRef = 451495E528E5D648001DF3A8 /* ThemeEnum.swift */; };
		45CBD11C28E5401F0015BA70 /* EditNameView.swift in Sources */ = {isa = PBXBuildFile; fileRef = 45CBD11B28E5401F0015BA70 /* EditNameView.swift */; };
		8521681C2996892600A409C7 /* RegisterUserNameController.swift in Sources */ = {isa = PBXBuildFile; fileRef = 8521681B2996892600A409C7 /* RegisterUserNameController.swift */; };
		855DBCA929AE1BE600F079F3 /* WelcomeView.swift in Sources */ = {isa = PBXBuildFile; fileRef = 855DBCA829AE1BE600F079F3 /* WelcomeView.swift */; };
		855DBCAE29AE1C8500F079F3 /* WelcomeController.swift in Sources */ = {isa = PBXBuildFile; fileRef = 855DBCAD29AE1C8500F079F3 /* WelcomeController.swift */; };
		85AB4DBD299A7C19009416FA /* RegisterPlantNameController.swift in Sources */ = {isa = PBXBuildFile; fileRef = 85AB4DBC299A796F009416FA /* RegisterPlantNameController.swift */; };
		85AB4DBE299A7C1B009416FA /* RegisterPlantNameController.swift in Sources */ = {isa = PBXBuildFile; fileRef = 85AB4DBC299A796F009416FA /* RegisterPlantNameController.swift */; };
		85AB4DBF299A7C1C009416FA /* RegisterPlantNameController.swift in Sources */ = {isa = PBXBuildFile; fileRef = 85AB4DBC299A796F009416FA /* RegisterPlantNameController.swift */; };
		D42A4E8D28DBFAD900B0ACA9 /* RegisterPlantTypeView.swift in Sources */ = {isa = PBXBuildFile; fileRef = D42A4E8C28DBFAD900B0ACA9 /* RegisterPlantTypeView.swift */; };
		D42A4E8F28DCA3B700B0ACA9 /* RouterView.swift in Sources */ = {isa = PBXBuildFile; fileRef = D42A4E8E28DCA3B700B0ACA9 /* RouterView.swift */; };
		D42A4E9128DCA44300B0ACA9 /* RouterController.swift in Sources */ = {isa = PBXBuildFile; fileRef = D42A4E9028DCA44300B0ACA9 /* RouterController.swift */; };
		D44B720D28E1ED6100FBD7A7 /* UserDefaults+.swift in Sources */ = {isa = PBXBuildFile; fileRef = D44B720C28E1ED6100FBD7A7 /* UserDefaults+.swift */; };
		D45D34A628DDB32B0088EB65 /* flower.dae in Resources */ = {isa = PBXBuildFile; fileRef = D45D34A528DDB32B0088EB65 /* flower.dae */; };
		D45D34A828DDB3480088EB65 /* cactus.dae in Resources */ = {isa = PBXBuildFile; fileRef = D45D34A728DDB3480088EB65 /* cactus.dae */; };
		D4800ACE28E4755C00669263 /* plants.scn in Resources */ = {isa = PBXBuildFile; fileRef = D4800ACD28E4755C00669263 /* plants.scn */; };
		D4800AD028E4758800669263 /* cactus.scn in Resources */ = {isa = PBXBuildFile; fileRef = D4800ACF28E4758800669263 /* cactus.scn */; };
		D4800AD228E4759600669263 /* flower.scn in Resources */ = {isa = PBXBuildFile; fileRef = D4800AD128E4759600669263 /* flower.scn */; };
		D4E8171928D9F7F600775EFA /* wateringApp.swift in Sources */ = {isa = PBXBuildFile; fileRef = D4E8171828D9F7F600775EFA /* wateringApp.swift */; };
		D4E8171D28D9F7F600775EFA /* Assets.xcassets in Resources */ = {isa = PBXBuildFile; fileRef = D4E8171C28D9F7F600775EFA /* Assets.xcassets */; };
		D4E8172F28D9F7F600775EFA /* wateringTests.swift in Sources */ = {isa = PBXBuildFile; fileRef = D4E8172E28D9F7F600775EFA /* wateringTests.swift */; };
		D4E8173928D9F7F600775EFA /* wateringUITests.swift in Sources */ = {isa = PBXBuildFile; fileRef = D4E8173828D9F7F600775EFA /* wateringUITests.swift */; };
		D4E8173B28D9F7F600775EFA /* wateringUITestsLaunchTests.swift in Sources */ = {isa = PBXBuildFile; fileRef = D4E8173A28D9F7F600775EFA /* wateringUITestsLaunchTests.swift */; };
		D4E8174928D9FBEF00775EFA /* RegisterPlantNameView.swift in Sources */ = {isa = PBXBuildFile; fileRef = D4E8174828D9FBEF00775EFA /* RegisterPlantNameView.swift */; };
		D4E8174B28D9FC1500775EFA /* RegisterUserNameView.swift in Sources */ = {isa = PBXBuildFile; fileRef = D4E8174A28D9FC1500775EFA /* RegisterUserNameView.swift */; };
		D4E8175228D9FF9800775EFA /* DropWaterModel.swift in Sources */ = {isa = PBXBuildFile; fileRef = D4E8175128D9FF9800775EFA /* DropWaterModel.swift */; };
		D4E8175428D9FFE300775EFA /* PlantCareView.swift in Sources */ = {isa = PBXBuildFile; fileRef = D4E8175328D9FFE300775EFA /* PlantCareView.swift */; };
		D4E8175628DA004000775EFA /* PlantViewRepresentable.swift in Sources */ = {isa = PBXBuildFile; fileRef = D4E8175528DA004000775EFA /* PlantViewRepresentable.swift */; };
		D4E8175828DA007000775EFA /* WaterWaveView.swift in Sources */ = {isa = PBXBuildFile; fileRef = D4E8175728DA007000775EFA /* WaterWaveView.swift */; };
		D4E8175B28DA00AD00775EFA /* RainSceneView.swift in Sources */ = {isa = PBXBuildFile; fileRef = D4E8175A28DA00AD00775EFA /* RainSceneView.swift */; };
		D4E8175F28DA014C00775EFA /* Assets.xcassets in Resources */ = {isa = PBXBuildFile; fileRef = D4E8175D28DA014C00775EFA /* Assets.xcassets */; };
		D4E8176128DA018500775EFA /* RainDrops.sks in Resources */ = {isa = PBXBuildFile; fileRef = D4E8176028DA018500775EFA /* RainDrops.sks */; };
		D4E8176528DA026400775EFA /* WaterSound.mp3 in Resources */ = {isa = PBXBuildFile; fileRef = D4E8176328DA026400775EFA /* WaterSound.mp3 */; };
		D4E8176628DA026400775EFA /* DoneSound.mp3 in Resources */ = {isa = PBXBuildFile; fileRef = D4E8176428DA026400775EFA /* DoneSound.mp3 */; };
		D4E8176828DA055300775EFA /* NotificationController.swift in Sources */ = {isa = PBXBuildFile; fileRef = D4E8176728DA055300775EFA /* NotificationController.swift */; };
		D4F8943D28E3417800CD7216 /* succullent.dae in Resources */ = {isa = PBXBuildFile; fileRef = D4F8943C28E3417800CD7216 /* succullent.dae */; };
		D4F8944128E3453E00CD7216 /* succullent.scn in Resources */ = {isa = PBXBuildFile; fileRef = D4F8944028E3453E00CD7216 /* succullent.scn */; };
		FE04AF3129B7973800A2B613 /* Localizable.strings in Resources */ = {isa = PBXBuildFile; fileRef = FE04AF3329B7973800A2B613 /* Localizable.strings */; };
		FE40BF4029B61EF300F7D25F /* PlantModalView.swift in Sources */ = {isa = PBXBuildFile; fileRef = FE40BF3F29B61EF300F7D25F /* PlantModalView.swift */; };
		FEC15CA8299F9D590064D1C9 /* EditNameController.swift in Sources */ = {isa = PBXBuildFile; fileRef = FEC15CA7299F9D580064D1C9 /* EditNameController.swift */; };
		FEC15CAA299FBAA50064D1C9 /* EditPlantController.swift in Sources */ = {isa = PBXBuildFile; fileRef = FEC15CA9299FBAA50064D1C9 /* EditPlantController.swift */; };
		FED8826429967BCF00F6A02B /* PlantViewController.swift in Sources */ = {isa = PBXBuildFile; fileRef = FED8826329967BCF00F6A02B /* PlantViewController.swift */; };
/* End PBXBuildFile section */

/* Begin PBXContainerItemProxy section */
		D4E8172B28D9F7F600775EFA /* PBXContainerItemProxy */ = {
			isa = PBXContainerItemProxy;
			containerPortal = D4E8170D28D9F7F600775EFA /* Project object */;
			proxyType = 1;
			remoteGlobalIDString = D4E8171428D9F7F600775EFA;
			remoteInfo = watering;
		};
		D4E8173528D9F7F600775EFA /* PBXContainerItemProxy */ = {
			isa = PBXContainerItemProxy;
			containerPortal = D4E8170D28D9F7F600775EFA /* Project object */;
			proxyType = 1;
			remoteGlobalIDString = D4E8171428D9F7F600775EFA;
			remoteInfo = watering;
		};
/* End PBXContainerItemProxy section */

/* Begin PBXFileReference section */
		4502B0B328DD50D700F54CD2 /* plants.dae */ = {isa = PBXFileReference; fileEncoding = 4; lastKnownFileType = text.xml.dae; path = plants.dae; sourceTree = "<group>"; };
		451495E328E5D14B001DF3A8 /* EditPlantView.swift */ = {isa = PBXFileReference; lastKnownFileType = sourcecode.swift; path = EditPlantView.swift; sourceTree = "<group>"; };
		451495E528E5D648001DF3A8 /* ThemeEnum.swift */ = {isa = PBXFileReference; lastKnownFileType = sourcecode.swift; path = ThemeEnum.swift; sourceTree = "<group>"; };
		45CBD11B28E5401F0015BA70 /* EditNameView.swift */ = {isa = PBXFileReference; lastKnownFileType = sourcecode.swift; path = EditNameView.swift; sourceTree = "<group>"; };
		45F2827A28DDE090009B4875 /* Info.plist */ = {isa = PBXFileReference; lastKnownFileType = text.plist; path = Info.plist; sourceTree = "<group>"; };
		8521681B2996892600A409C7 /* RegisterUserNameController.swift */ = {isa = PBXFileReference; lastKnownFileType = sourcecode.swift; path = RegisterUserNameController.swift; sourceTree = "<group>"; };
		852C811B29B7A48900AB7526 /* en */ = {isa = PBXFileReference; lastKnownFileType = text.plist.strings; name = en; path = en.lproj/Localizable.strings; sourceTree = "<group>"; };
		855DBCA829AE1BE600F079F3 /* WelcomeView.swift */ = {isa = PBXFileReference; lastKnownFileType = sourcecode.swift; path = WelcomeView.swift; sourceTree = "<group>"; };
		855DBCAD29AE1C8500F079F3 /* WelcomeController.swift */ = {isa = PBXFileReference; lastKnownFileType = sourcecode.swift; path = WelcomeController.swift; sourceTree = "<group>"; };
		85AB4DBC299A796F009416FA /* RegisterPlantNameController.swift */ = {isa = PBXFileReference; lastKnownFileType = sourcecode.swift; path = RegisterPlantNameController.swift; sourceTree = "<group>"; };
		D42A4E8C28DBFAD900B0ACA9 /* RegisterPlantTypeView.swift */ = {isa = PBXFileReference; lastKnownFileType = sourcecode.swift; path = RegisterPlantTypeView.swift; sourceTree = "<group>"; };
		D42A4E8E28DCA3B700B0ACA9 /* RouterView.swift */ = {isa = PBXFileReference; lastKnownFileType = sourcecode.swift; path = RouterView.swift; sourceTree = "<group>"; };
		D42A4E9028DCA44300B0ACA9 /* RouterController.swift */ = {isa = PBXFileReference; lastKnownFileType = sourcecode.swift; path = RouterController.swift; sourceTree = "<group>"; };
		D44B720C28E1ED6100FBD7A7 /* UserDefaults+.swift */ = {isa = PBXFileReference; lastKnownFileType = sourcecode.swift; path = "UserDefaults+.swift"; sourceTree = "<group>"; };
		D45D34A528DDB32B0088EB65 /* flower.dae */ = {isa = PBXFileReference; fileEncoding = 4; lastKnownFileType = text.xml.dae; path = flower.dae; sourceTree = "<group>"; };
		D45D34A728DDB3480088EB65 /* cactus.dae */ = {isa = PBXFileReference; fileEncoding = 4; lastKnownFileType = text.xml.dae; path = cactus.dae; sourceTree = "<group>"; };
		D4800ACD28E4755C00669263 /* plants.scn */ = {isa = PBXFileReference; lastKnownFileType = file.bplist; path = plants.scn; sourceTree = "<group>"; };
		D4800ACF28E4758800669263 /* cactus.scn */ = {isa = PBXFileReference; lastKnownFileType = file.bplist; path = cactus.scn; sourceTree = "<group>"; };
		D4800AD128E4759600669263 /* flower.scn */ = {isa = PBXFileReference; lastKnownFileType = file.bplist; path = flower.scn; sourceTree = "<group>"; };
		D4E8171528D9F7F600775EFA /* Watering.app */ = {isa = PBXFileReference; explicitFileType = wrapper.application; includeInIndex = 0; path = Watering.app; sourceTree = BUILT_PRODUCTS_DIR; };
		D4E8171828D9F7F600775EFA /* wateringApp.swift */ = {isa = PBXFileReference; lastKnownFileType = sourcecode.swift; path = wateringApp.swift; sourceTree = "<group>"; };
		D4E8171C28D9F7F600775EFA /* Assets.xcassets */ = {isa = PBXFileReference; lastKnownFileType = folder.assetcatalog; path = Assets.xcassets; sourceTree = "<group>"; };
		D4E8172A28D9F7F600775EFA /* wateringTests.xctest */ = {isa = PBXFileReference; explicitFileType = wrapper.cfbundle; includeInIndex = 0; path = wateringTests.xctest; sourceTree = BUILT_PRODUCTS_DIR; };
		D4E8172E28D9F7F600775EFA /* wateringTests.swift */ = {isa = PBXFileReference; lastKnownFileType = sourcecode.swift; path = wateringTests.swift; sourceTree = "<group>"; };
		D4E8173428D9F7F600775EFA /* wateringUITests.xctest */ = {isa = PBXFileReference; explicitFileType = wrapper.cfbundle; includeInIndex = 0; path = wateringUITests.xctest; sourceTree = BUILT_PRODUCTS_DIR; };
		D4E8173828D9F7F600775EFA /* wateringUITests.swift */ = {isa = PBXFileReference; lastKnownFileType = sourcecode.swift; path = wateringUITests.swift; sourceTree = "<group>"; };
		D4E8173A28D9F7F600775EFA /* wateringUITestsLaunchTests.swift */ = {isa = PBXFileReference; lastKnownFileType = sourcecode.swift; path = wateringUITestsLaunchTests.swift; sourceTree = "<group>"; };
		D4E8174828D9FBEF00775EFA /* RegisterPlantNameView.swift */ = {isa = PBXFileReference; lastKnownFileType = sourcecode.swift; path = RegisterPlantNameView.swift; sourceTree = "<group>"; };
		D4E8174A28D9FC1500775EFA /* RegisterUserNameView.swift */ = {isa = PBXFileReference; lastKnownFileType = sourcecode.swift; path = RegisterUserNameView.swift; sourceTree = "<group>"; };
		D4E8175128D9FF9800775EFA /* DropWaterModel.swift */ = {isa = PBXFileReference; lastKnownFileType = sourcecode.swift; path = DropWaterModel.swift; sourceTree = "<group>"; };
		D4E8175328D9FFE300775EFA /* PlantCareView.swift */ = {isa = PBXFileReference; lastKnownFileType = sourcecode.swift; path = PlantCareView.swift; sourceTree = "<group>"; };
		D4E8175528DA004000775EFA /* PlantViewRepresentable.swift */ = {isa = PBXFileReference; lastKnownFileType = sourcecode.swift; path = PlantViewRepresentable.swift; sourceTree = "<group>"; };
		D4E8175728DA007000775EFA /* WaterWaveView.swift */ = {isa = PBXFileReference; lastKnownFileType = sourcecode.swift; path = WaterWaveView.swift; sourceTree = "<group>"; };
		D4E8175A28DA00AD00775EFA /* RainSceneView.swift */ = {isa = PBXFileReference; lastKnownFileType = sourcecode.swift; path = RainSceneView.swift; sourceTree = "<group>"; };
		D4E8175D28DA014C00775EFA /* Assets.xcassets */ = {isa = PBXFileReference; lastKnownFileType = folder.assetcatalog; name = Assets.xcassets; path = ../Assets/Assets.xcassets; sourceTree = "<group>"; };
		D4E8176028DA018500775EFA /* RainDrops.sks */ = {isa = PBXFileReference; lastKnownFileType = file.sks; path = RainDrops.sks; sourceTree = "<group>"; };
		D4E8176328DA026400775EFA /* WaterSound.mp3 */ = {isa = PBXFileReference; lastKnownFileType = audio.mp3; path = WaterSound.mp3; sourceTree = "<group>"; };
		D4E8176428DA026400775EFA /* DoneSound.mp3 */ = {isa = PBXFileReference; lastKnownFileType = audio.mp3; path = DoneSound.mp3; sourceTree = "<group>"; };
		D4E8176728DA055300775EFA /* NotificationController.swift */ = {isa = PBXFileReference; lastKnownFileType = sourcecode.swift; path = NotificationController.swift; sourceTree = "<group>"; };
		D4F8943C28E3417800CD7216 /* succullent.dae */ = {isa = PBXFileReference; fileEncoding = 4; lastKnownFileType = text.xml.dae; path = succullent.dae; sourceTree = "<group>"; };
		D4F8944028E3453E00CD7216 /* succullent.scn */ = {isa = PBXFileReference; lastKnownFileType = file.bplist; path = succullent.scn; sourceTree = "<group>"; };
		FE04AF3229B7973800A2B613 /* en */ = {isa = PBXFileReference; lastKnownFileType = text.plist.strings; name = en; path = base.lproj/Localizable.strings; sourceTree = "<group>"; };
		FE04AF3429B7973C00A2B613 /* de */ = {isa = PBXFileReference; lastKnownFileType = text.plist.strings; name = de; path = de.lproj/Localizable.strings; sourceTree = "<group>"; };
		FE04AF3529B7973E00A2B613 /* it */ = {isa = PBXFileReference; lastKnownFileType = text.plist.strings; name = it; path = it.lproj/Localizable.strings; sourceTree = "<group>"; };
		FE04AF3629B7973F00A2B613 /* ja */ = {isa = PBXFileReference; lastKnownFileType = text.plist.strings; name = ja; path = ja.lproj/Localizable.strings; sourceTree = "<group>"; };
		FE04AF3729B7974000A2B613 /* pt-BR */ = {isa = PBXFileReference; lastKnownFileType = text.plist.strings; name = "pt-BR"; path = "pt-BR.lproj/Localizable.strings"; sourceTree = "<group>"; };
		FE04AF3829B7974100A2B613 /* es */ = {isa = PBXFileReference; lastKnownFileType = text.plist.strings; name = es; path = es.lproj/Localizable.strings; sourceTree = "<group>"; };
		FE40BF3F29B61EF300F7D25F /* PlantModalView.swift */ = {isa = PBXFileReference; fileEncoding = 4; lastKnownFileType = sourcecode.swift; path = PlantModalView.swift; sourceTree = "<group>"; };
		FEC15CA7299F9D580064D1C9 /* EditNameController.swift */ = {isa = PBXFileReference; lastKnownFileType = sourcecode.swift; name = EditNameController.swift; path = watering/Presentation/RegisterPlantType/View/Components/EditNameController.swift; sourceTree = SOURCE_ROOT; };
		FEC15CA9299FBAA50064D1C9 /* EditPlantController.swift */ = {isa = PBXFileReference; lastKnownFileType = sourcecode.swift; name = EditPlantController.swift; path = watering/Presentation/RegisterPlantType/View/Components/EditPlantController.swift; sourceTree = SOURCE_ROOT; };
		FED8826329967BCF00F6A02B /* PlantViewController.swift */ = {isa = PBXFileReference; lastKnownFileType = sourcecode.swift; name = PlantViewController.swift; path = watering/Presentation/RegisterPlantType/View/Components/PlantViewController.swift; sourceTree = SOURCE_ROOT; };
/* End PBXFileReference section */

/* Begin PBXFrameworksBuildPhase section */
		D4E8171228D9F7F600775EFA /* Frameworks */ = {
			isa = PBXFrameworksBuildPhase;
			buildActionMask = 2147483647;
			files = (
			);
			runOnlyForDeploymentPostprocessing = 0;
		};
		D4E8172728D9F7F600775EFA /* Frameworks */ = {
			isa = PBXFrameworksBuildPhase;
			buildActionMask = 2147483647;
			files = (
			);
			runOnlyForDeploymentPostprocessing = 0;
		};
		D4E8173128D9F7F600775EFA /* Frameworks */ = {
			isa = PBXFrameworksBuildPhase;
			buildActionMask = 2147483647;
			files = (
			);
			runOnlyForDeploymentPostprocessing = 0;
		};
/* End PBXFrameworksBuildPhase section */

/* Begin PBXGroup section */
		8521681A2996891500A409C7 /* Controller */ = {
			isa = PBXGroup;
			children = (
				8521681B2996892600A409C7 /* RegisterUserNameController.swift */,
			);
			path = Controller;
			sourceTree = "<group>";
		};
		855DBCA429AE1B9700F079F3 /* Welcome */ = {
			isa = PBXGroup;
			children = (
				855DBCA629AE1BA700F079F3 /* View */,
				855DBCA529AE1BA000F079F3 /* Controller */,
			);
			path = Welcome;
			sourceTree = "<group>";
		};
		855DBCA529AE1BA000F079F3 /* Controller */ = {
			isa = PBXGroup;
			children = (
				855DBCAD29AE1C8500F079F3 /* WelcomeController.swift */,
			);
			path = Controller;
			sourceTree = "<group>";
		};
		855DBCA629AE1BA700F079F3 /* View */ = {
			isa = PBXGroup;
			children = (
				855DBCA829AE1BE600F079F3 /* WelcomeView.swift */,
			);
			path = View;
			sourceTree = "<group>";
		};
		85AB4DBB299A796A009416FA /* Controller */ = {
			isa = PBXGroup;
			children = (
				85AB4DBC299A796F009416FA /* RegisterPlantNameController.swift */,
			);
			path = Controller;
			sourceTree = "<group>";
		};
		D4E8170C28D9F7F600775EFA = {
			isa = PBXGroup;
			children = (
				FE04AF3329B7973800A2B613 /* Localizable.strings */,
				D4E8171728D9F7F600775EFA /* watering */,
				D4E8172D28D9F7F600775EFA /* wateringTests */,
				D4E8173728D9F7F600775EFA /* wateringUITests */,
				D4E8171628D9F7F600775EFA /* Products */,
			);
			sourceTree = "<group>";
		};
		D4E8171628D9F7F600775EFA /* Products */ = {
			isa = PBXGroup;
			children = (
				D4E8171528D9F7F600775EFA /* Watering.app */,
				D4E8172A28D9F7F600775EFA /* wateringTests.xctest */,
				D4E8173428D9F7F600775EFA /* wateringUITests.xctest */,
			);
			name = Products;
			sourceTree = "<group>";
		};
		D4E8171728D9F7F600775EFA /* watering */ = {
			isa = PBXGroup;
			children = (
				FE053DBF29927D0A006B233B /* Resources */,
				FE053DC029927D2F006B233B /* Application */,
				FE053DC129927D8D006B233B /* Presentation */,
				FE053DDF29928586006B233B /* Data */,
				FE053DDE2992856C006B233B /* Domain */,
				FE053DD5299282CD006B233B /* Utils */,
				45F2827A28DDE090009B4875 /* Info.plist */,
			);
			path = watering;
			sourceTree = "<group>";
		};
		D4E8172D28D9F7F600775EFA /* wateringTests */ = {
			isa = PBXGroup;
			children = (
				D4E8172E28D9F7F600775EFA /* wateringTests.swift */,
			);
			path = wateringTests;
			sourceTree = "<group>";
		};
		D4E8173728D9F7F600775EFA /* wateringUITests */ = {
			isa = PBXGroup;
			children = (
				D4E8173828D9F7F600775EFA /* wateringUITests.swift */,
				D4E8173A28D9F7F600775EFA /* wateringUITestsLaunchTests.swift */,
			);
			path = wateringUITests;
			sourceTree = "<group>";
		};
		D4E8174F28D9FDB700775EFA /* Models */ = {
			isa = PBXGroup;
			children = (
				D4E8175128D9FF9800775EFA /* DropWaterModel.swift */,
			);
			path = Models;
			sourceTree = "<group>";
		};
		D4E8176228DA01C500775EFA /* Sounds */ = {
			isa = PBXGroup;
			children = (
				D4F8943C28E3417800CD7216 /* succullent.dae */,
				D4F8944028E3453E00CD7216 /* succullent.scn */,
				4502B0B328DD50D700F54CD2 /* plants.dae */,
				D4800ACD28E4755C00669263 /* plants.scn */,
				D45D34A728DDB3480088EB65 /* cactus.dae */,
				D4800ACF28E4758800669263 /* cactus.scn */,
				D45D34A528DDB32B0088EB65 /* flower.dae */,
				D4800AD128E4759600669263 /* flower.scn */,
				D4E8176328DA026400775EFA /* WaterSound.mp3 */,
				D4E8176428DA026400775EFA /* DoneSound.mp3 */,
			);
			path = Sounds;
			sourceTree = "<group>";
		};
		FE053DBF29927D0A006B233B /* Resources */ = {
			isa = PBXGroup;
			children = (
				D4E8176228DA01C500775EFA /* Sounds */,
				D4E8175D28DA014C00775EFA /* Assets.xcassets */,
				D4E8171C28D9F7F600775EFA /* Assets.xcassets */,
			);
			path = Resources;
			sourceTree = "<group>";
		};
		FE053DC029927D2F006B233B /* Application */ = {
			isa = PBXGroup;
			children = (
				D4E8171828D9F7F600775EFA /* wateringApp.swift */,
			);
			path = Application;
			sourceTree = "<group>";
		};
		FE053DC129927D8D006B233B /* Presentation */ = {
			isa = PBXGroup;
			children = (
				FE053DDD29928507006B233B /* Router */,
				855DBCA429AE1B9700F079F3 /* Welcome */,
				FE053DC629927EAD006B233B /* RegisterUser */,
				FE053DCB29927F63006B233B /* RegisterPlantName */,
				FE053DCE29927FC2006B233B /* RegisterPlantType */,
				FE053DD1299280C8006B233B /* PlantCare */,
				FE053DD72992837F006B233B /* EditName */,
				FE053DDA299283B1006B233B /* EditPlant */,
			);
			path = Presentation;
			sourceTree = "<group>";
		};
		FE053DC629927EAD006B233B /* RegisterUser */ = {
			isa = PBXGroup;
			children = (
				FE053DC729927ED7006B233B /* View */,
				8521681A2996891500A409C7 /* Controller */,
			);
			path = RegisterUser;
			sourceTree = "<group>";
		};
		FE053DC729927ED7006B233B /* View */ = {
			isa = PBXGroup;
			children = (
				D4E8174A28D9FC1500775EFA /* RegisterUserNameView.swift */,
			);
			path = View;
			sourceTree = "<group>";
		};
		FE053DCB29927F63006B233B /* RegisterPlantName */ = {
			isa = PBXGroup;
			children = (
				FE053DCC29927FA3006B233B /* View */,
				85AB4DBB299A796A009416FA /* Controller */,
			);
			path = RegisterPlantName;
			sourceTree = "<group>";
		};
		FE053DCC29927FA3006B233B /* View */ = {
			isa = PBXGroup;
			children = (
				D4E8174828D9FBEF00775EFA /* RegisterPlantNameView.swift */,
			);
			path = View;
			sourceTree = "<group>";
		};
		FE053DCE29927FC2006B233B /* RegisterPlantType */ = {
			isa = PBXGroup;
			children = (
				FE053DCF29928012006B233B /* View */,
				FE053DD029928018006B233B /* Controller */,
			);
			path = RegisterPlantType;
			sourceTree = "<group>";
		};
		FE053DCF29928012006B233B /* View */ = {
			isa = PBXGroup;
			children = (
				D42A4E8C28DBFAD900B0ACA9 /* RegisterPlantTypeView.swift */,
			);
			path = View;
			sourceTree = "<group>";
		};
		FE053DD029928018006B233B /* Controller */ = {
			isa = PBXGroup;
			children = (
				FED8826329967BCF00F6A02B /* PlantViewController.swift */,
			);
			path = Controller;
			sourceTree = "<group>";
		};
		FE053DD1299280C8006B233B /* PlantCare */ = {
			isa = PBXGroup;
			children = (
				FE053DD329928120006B233B /* View */,
				FE053DD229928119006B233B /* Controller */,
			);
			path = PlantCare;
			sourceTree = "<group>";
		};
		FE053DD229928119006B233B /* Controller */ = {
			isa = PBXGroup;
			children = (
			);
			path = Controller;
			sourceTree = "<group>";
		};
		FE053DD329928120006B233B /* View */ = {
			isa = PBXGroup;
			children = (
				FE053DD429928142006B233B /* Components */,
				D4E8175328D9FFE300775EFA /* PlantCareView.swift */,
			);
			path = View;
			sourceTree = "<group>";
		};
		FE053DD429928142006B233B /* Components */ = {
			isa = PBXGroup;
			children = (
				D4E8176028DA018500775EFA /* RainDrops.sks */,
				D4E8175A28DA00AD00775EFA /* RainSceneView.swift */,
				D4E8175728DA007000775EFA /* WaterWaveView.swift */,
			);
			path = Components;
			sourceTree = "<group>";
		};
		FE053DD5299282CD006B233B /* Utils */ = {
			isa = PBXGroup;
			children = (
				FE40BF3E29B61EDC00F7D25F /* PlantModalView */,
				FEFF6CCB29928C2C00FD050A /* Representable */,
				FEFF6CCA29928C1700FD050A /* Singleton */,
				FEFF6CC929928BB300FD050A /* Enums */,
				FEFF6CC829928A2300FD050A /* Extensions */,
			);
			path = Utils;
			sourceTree = "<group>";
		};
		FE053DD72992837F006B233B /* EditName */ = {
			isa = PBXGroup;
			children = (
				FE053DD829928386006B233B /* View */,
				FE053DD92992838C006B233B /* Controller */,
			);
			path = EditName;
			sourceTree = "<group>";
		};
		FE053DD829928386006B233B /* View */ = {
			isa = PBXGroup;
			children = (
				45CBD11B28E5401F0015BA70 /* EditNameView.swift */,
			);
			path = View;
			sourceTree = "<group>";
		};
		FE053DD92992838C006B233B /* Controller */ = {
			isa = PBXGroup;
			children = (
				FEC15CA7299F9D580064D1C9 /* EditNameController.swift */,
			);
			path = Controller;
			sourceTree = "<group>";
		};
		FE053DDA299283B1006B233B /* EditPlant */ = {
			isa = PBXGroup;
			children = (
				FE053DDB29928409006B233B /* View */,
				FE053DDC2992840E006B233B /* Controller */,
			);
			path = EditPlant;
			sourceTree = "<group>";
		};
		FE053DDB29928409006B233B /* View */ = {
			isa = PBXGroup;
			children = (
				451495E328E5D14B001DF3A8 /* EditPlantView.swift */,
			);
			path = View;
			sourceTree = "<group>";
		};
		FE053DDC2992840E006B233B /* Controller */ = {
			isa = PBXGroup;
			children = (
				FEC15CA9299FBAA50064D1C9 /* EditPlantController.swift */,
			);
			path = Controller;
			sourceTree = "<group>";
		};
		FE053DDD29928507006B233B /* Router */ = {
			isa = PBXGroup;
			children = (
				FE053DE0299286F4006B233B /* View */,
				FE053DE1299286FC006B233B /* Controller */,
			);
			path = Router;
			sourceTree = "<group>";
		};
		FE053DDE2992856C006B233B /* Domain */ = {
			isa = PBXGroup;
			children = (
				D4E8174F28D9FDB700775EFA /* Models */,
			);
			path = Domain;
			sourceTree = "<group>";
		};
		FE053DDF29928586006B233B /* Data */ = {
			isa = PBXGroup;
			children = (
			);
			path = Data;
			sourceTree = "<group>";
		};
		FE053DE0299286F4006B233B /* View */ = {
			isa = PBXGroup;
			children = (
				D42A4E8E28DCA3B700B0ACA9 /* RouterView.swift */,
			);
			path = View;
			sourceTree = "<group>";
		};
		FE053DE1299286FC006B233B /* Controller */ = {
			isa = PBXGroup;
			children = (
				D42A4E9028DCA44300B0ACA9 /* RouterController.swift */,
			);
			path = Controller;
			sourceTree = "<group>";
		};
		FE40BF3E29B61EDC00F7D25F /* PlantModalView */ = {
			isa = PBXGroup;
			children = (
				FE40BF3F29B61EF300F7D25F /* PlantModalView.swift */,
			);
			path = PlantModalView;
			sourceTree = "<group>";
		};
		FEFF6CC829928A2300FD050A /* Extensions */ = {
			isa = PBXGroup;
			children = (
				D44B720C28E1ED6100FBD7A7 /* UserDefaults+.swift */,
			);
			path = Extensions;
			sourceTree = "<group>";
		};
		FEFF6CC929928BB300FD050A /* Enums */ = {
			isa = PBXGroup;
			children = (
				451495E528E5D648001DF3A8 /* ThemeEnum.swift */,
			);
			path = Enums;
			sourceTree = "<group>";
		};
		FEFF6CCA29928C1700FD050A /* Singleton */ = {
			isa = PBXGroup;
			children = (
				D4E8176728DA055300775EFA /* NotificationController.swift */,
			);
			path = Singleton;
			sourceTree = "<group>";
		};
		FEFF6CCB29928C2C00FD050A /* Representable */ = {
			isa = PBXGroup;
			children = (
				D4E8175528DA004000775EFA /* PlantViewRepresentable.swift */,
			);
			path = Representable;
			sourceTree = "<group>";
		};
/* End PBXGroup section */

/* Begin PBXNativeTarget section */
		D4E8171428D9F7F600775EFA /* Watering */ = {
			isa = PBXNativeTarget;
			buildConfigurationList = D4E8173E28D9F7F600775EFA /* Build configuration list for PBXNativeTarget "Watering" */;
			buildPhases = (
				D4E8171128D9F7F600775EFA /* Sources */,
				D4E8171228D9F7F600775EFA /* Frameworks */,
				D4E8171328D9F7F600775EFA /* Resources */,
			);
			buildRules = (
			);
			dependencies = (
			);
			name = Watering;
			productName = watering;
			productReference = D4E8171528D9F7F600775EFA /* Watering.app */;
			productType = "com.apple.product-type.application";
		};
		D4E8172928D9F7F600775EFA /* wateringTests */ = {
			isa = PBXNativeTarget;
			buildConfigurationList = D4E8174128D9F7F600775EFA /* Build configuration list for PBXNativeTarget "wateringTests" */;
			buildPhases = (
				D4E8172628D9F7F600775EFA /* Sources */,
				D4E8172728D9F7F600775EFA /* Frameworks */,
				D4E8172828D9F7F600775EFA /* Resources */,
			);
			buildRules = (
			);
			dependencies = (
				D4E8172C28D9F7F600775EFA /* PBXTargetDependency */,
			);
			name = wateringTests;
			productName = wateringTests;
			productReference = D4E8172A28D9F7F600775EFA /* wateringTests.xctest */;
			productType = "com.apple.product-type.bundle.unit-test";
		};
		D4E8173328D9F7F600775EFA /* wateringUITests */ = {
			isa = PBXNativeTarget;
			buildConfigurationList = D4E8174428D9F7F600775EFA /* Build configuration list for PBXNativeTarget "wateringUITests" */;
			buildPhases = (
				D4E8173028D9F7F600775EFA /* Sources */,
				D4E8173128D9F7F600775EFA /* Frameworks */,
				D4E8173228D9F7F600775EFA /* Resources */,
			);
			buildRules = (
			);
			dependencies = (
				D4E8173628D9F7F600775EFA /* PBXTargetDependency */,
			);
			name = wateringUITests;
			productName = wateringUITests;
			productReference = D4E8173428D9F7F600775EFA /* wateringUITests.xctest */;
			productType = "com.apple.product-type.bundle.ui-testing";
		};
/* End PBXNativeTarget section */

/* Begin PBXProject section */
		D4E8170D28D9F7F600775EFA /* Project object */ = {
			isa = PBXProject;
			attributes = {
				BuildIndependentTargetsInParallel = 1;
				LastSwiftUpdateCheck = 1400;
				LastUpgradeCheck = 1420;
				TargetAttributes = {
					D4E8171428D9F7F600775EFA = {
						CreatedOnToolsVersion = 14.0;
					};
					D4E8172928D9F7F600775EFA = {
						CreatedOnToolsVersion = 14.0;
						TestTargetID = D4E8171428D9F7F600775EFA;
					};
					D4E8173328D9F7F600775EFA = {
						CreatedOnToolsVersion = 14.0;
						TestTargetID = D4E8171428D9F7F600775EFA;
					};
				};
			};
			buildConfigurationList = D4E8171028D9F7F600775EFA /* Build configuration list for PBXProject "watering" */;
			compatibilityVersion = "Xcode 14.0";
			developmentRegion = en;
			hasScannedForEncodings = 0;
			knownRegions = (
				en,
				it,
				ja,
				"pt-BR",
				de,
				es,
				Base,
			);
			mainGroup = D4E8170C28D9F7F600775EFA;
			productRefGroup = D4E8171628D9F7F600775EFA /* Products */;
			projectDirPath = "";
			projectRoot = "";
			targets = (
				D4E8171428D9F7F600775EFA /* Watering */,
				D4E8172928D9F7F600775EFA /* wateringTests */,
				D4E8173328D9F7F600775EFA /* wateringUITests */,
			);
		};
/* End PBXProject section */

/* Begin PBXResourcesBuildPhase section */
		D4E8171328D9F7F600775EFA /* Resources */ = {
			isa = PBXResourcesBuildPhase;
			buildActionMask = 2147483647;
			files = (
				D45D34A828DDB3480088EB65 /* cactus.dae in Resources */,
				D45D34A628DDB32B0088EB65 /* flower.dae in Resources */,
				D4F8943D28E3417800CD7216 /* succullent.dae in Resources */,
				FE04AF3129B7973800A2B613 /* Localizable.strings in Resources */,
				D4E8171D28D9F7F600775EFA /* Assets.xcassets in Resources */,
				D4800ACE28E4755C00669263 /* plants.scn in Resources */,
				D4E8176628DA026400775EFA /* DoneSound.mp3 in Resources */,
				D4E8176128DA018500775EFA /* RainDrops.sks in Resources */,
				D4800AD028E4758800669263 /* cactus.scn in Resources */,
				D4800AD228E4759600669263 /* flower.scn in Resources */,
				D4F8944128E3453E00CD7216 /* succullent.scn in Resources */,
				D4E8175F28DA014C00775EFA /* Assets.xcassets in Resources */,
				4502B0B428DD50D700F54CD2 /* plants.dae in Resources */,
				D4E8176528DA026400775EFA /* WaterSound.mp3 in Resources */,
			);
			runOnlyForDeploymentPostprocessing = 0;
		};
		D4E8172828D9F7F600775EFA /* Resources */ = {
			isa = PBXResourcesBuildPhase;
			buildActionMask = 2147483647;
			files = (
			);
			runOnlyForDeploymentPostprocessing = 0;
		};
		D4E8173228D9F7F600775EFA /* Resources */ = {
			isa = PBXResourcesBuildPhase;
			buildActionMask = 2147483647;
			files = (
			);
			runOnlyForDeploymentPostprocessing = 0;
		};
/* End PBXResourcesBuildPhase section */

/* Begin PBXSourcesBuildPhase section */
		D4E8171128D9F7F600775EFA /* Sources */ = {
			isa = PBXSourcesBuildPhase;
			buildActionMask = 2147483647;
			files = (
				D4E8175228D9FF9800775EFA /* DropWaterModel.swift in Sources */,
				45CBD11C28E5401F0015BA70 /* EditNameView.swift in Sources */,
				D42A4E9128DCA44300B0ACA9 /* RouterController.swift in Sources */,
				855DBCA929AE1BE600F079F3 /* WelcomeView.swift in Sources */,
				FEC15CAA299FBAA50064D1C9 /* EditPlantController.swift in Sources */,
				D44B720D28E1ED6100FBD7A7 /* UserDefaults+.swift in Sources */,
				451495E428E5D14B001DF3A8 /* EditPlantView.swift in Sources */,
				D42A4E8D28DBFAD900B0ACA9 /* RegisterPlantTypeView.swift in Sources */,
				FEC15CA8299F9D590064D1C9 /* EditNameController.swift in Sources */,
				D4E8174B28D9FC1500775EFA /* RegisterUserNameView.swift in Sources */,
				FE40BF4029B61EF300F7D25F /* PlantModalView.swift in Sources */,
				D4E8174928D9FBEF00775EFA /* RegisterPlantNameView.swift in Sources */,
				D42A4E8F28DCA3B700B0ACA9 /* RouterView.swift in Sources */,
				D4E8175B28DA00AD00775EFA /* RainSceneView.swift in Sources */,
				D4E8175828DA007000775EFA /* WaterWaveView.swift in Sources */,
				451495E628E5D648001DF3A8 /* ThemeEnum.swift in Sources */,
				8521681C2996892600A409C7 /* RegisterUserNameController.swift in Sources */,
				D4E8176828DA055300775EFA /* NotificationController.swift in Sources */,
				855DBCAE29AE1C8500F079F3 /* WelcomeController.swift in Sources */,
				FED8826429967BCF00F6A02B /* PlantViewController.swift in Sources */,
				D4E8171928D9F7F600775EFA /* wateringApp.swift in Sources */,
				D4E8175628DA004000775EFA /* PlantViewRepresentable.swift in Sources */,
				D4E8175428D9FFE300775EFA /* PlantCareView.swift in Sources */,
				85AB4DBD299A7C19009416FA /* RegisterPlantNameController.swift in Sources */,
			);
			runOnlyForDeploymentPostprocessing = 0;
		};
		D4E8172628D9F7F600775EFA /* Sources */ = {
			isa = PBXSourcesBuildPhase;
			buildActionMask = 2147483647;
			files = (
				D4E8172F28D9F7F600775EFA /* wateringTests.swift in Sources */,
				85AB4DBE299A7C1B009416FA /* RegisterPlantNameController.swift in Sources */,
			);
			runOnlyForDeploymentPostprocessing = 0;
		};
		D4E8173028D9F7F600775EFA /* Sources */ = {
			isa = PBXSourcesBuildPhase;
			buildActionMask = 2147483647;
			files = (
				D4E8173B28D9F7F600775EFA /* wateringUITestsLaunchTests.swift in Sources */,
				D4E8173928D9F7F600775EFA /* wateringUITests.swift in Sources */,
				85AB4DBF299A7C1C009416FA /* RegisterPlantNameController.swift in Sources */,
			);
			runOnlyForDeploymentPostprocessing = 0;
		};
/* End PBXSourcesBuildPhase section */

/* Begin PBXTargetDependency section */
		D4E8172C28D9F7F600775EFA /* PBXTargetDependency */ = {
			isa = PBXTargetDependency;
			target = D4E8171428D9F7F600775EFA /* Watering */;
			targetProxy = D4E8172B28D9F7F600775EFA /* PBXContainerItemProxy */;
		};
		D4E8173628D9F7F600775EFA /* PBXTargetDependency */ = {
			isa = PBXTargetDependency;
			target = D4E8171428D9F7F600775EFA /* Watering */;
			targetProxy = D4E8173528D9F7F600775EFA /* PBXContainerItemProxy */;
		};
/* End PBXTargetDependency section */

/* Begin PBXVariantGroup section */
		FE04AF3329B7973800A2B613 /* Localizable.strings */ = {
			isa = PBXVariantGroup;
			children = (
				FE04AF3229B7973800A2B613 /* en */,
				FE04AF3429B7973C00A2B613 /* de */,
				FE04AF3529B7973E00A2B613 /* it */,
				FE04AF3629B7973F00A2B613 /* ja */,
				FE04AF3729B7974000A2B613 /* pt-BR */,
				FE04AF3829B7974100A2B613 /* es */,
				852C811B29B7A48900AB7526 /* en */,
			);
			name = Localizable.strings;
			sourceTree = "<group>";
		};
/* End PBXVariantGroup section */

/* Begin XCBuildConfiguration section */
		D4E8173C28D9F7F600775EFA /* Debug */ = {
			isa = XCBuildConfiguration;
			buildSettings = {
				ALWAYS_SEARCH_USER_PATHS = NO;
				CLANG_ANALYZER_NONNULL = YES;
				CLANG_ANALYZER_NUMBER_OBJECT_CONVERSION = YES_AGGRESSIVE;
				CLANG_CXX_LANGUAGE_STANDARD = "compiler-default";
				CLANG_ENABLE_MODULES = YES;
				CLANG_ENABLE_OBJC_ARC = YES;
				CLANG_ENABLE_OBJC_WEAK = YES;
				CLANG_WARN_BLOCK_CAPTURE_AUTORELEASING = YES;
				CLANG_WARN_BOOL_CONVERSION = YES;
				CLANG_WARN_COMMA = YES;
				CLANG_WARN_CONSTANT_CONVERSION = YES;
				CLANG_WARN_DEPRECATED_OBJC_IMPLEMENTATIONS = YES;
				CLANG_WARN_DIRECT_OBJC_ISA_USAGE = YES_ERROR;
				CLANG_WARN_DOCUMENTATION_COMMENTS = YES;
				CLANG_WARN_EMPTY_BODY = YES;
				CLANG_WARN_ENUM_CONVERSION = YES;
				CLANG_WARN_INFINITE_RECURSION = YES;
				CLANG_WARN_INT_CONVERSION = YES;
				CLANG_WARN_NON_LITERAL_NULL_CONVERSION = YES;
				CLANG_WARN_OBJC_IMPLICIT_RETAIN_SELF = YES;
				CLANG_WARN_OBJC_LITERAL_CONVERSION = YES;
				CLANG_WARN_OBJC_ROOT_CLASS = YES_ERROR;
				CLANG_WARN_QUOTED_INCLUDE_IN_FRAMEWORK_HEADER = YES;
				CLANG_WARN_RANGE_LOOP_ANALYSIS = YES;
				CLANG_WARN_STRICT_PROTOTYPES = YES;
				CLANG_WARN_SUSPICIOUS_MOVE = YES;
				CLANG_WARN_UNGUARDED_AVAILABILITY = YES_AGGRESSIVE;
				CLANG_WARN_UNREACHABLE_CODE = YES;
				CLANG_WARN__DUPLICATE_METHOD_MATCH = YES;
				COPY_PHASE_STRIP = NO;
				DEBUG_INFORMATION_FORMAT = dwarf;
				ENABLE_PREVIEWS = YES;
				ENABLE_STRICT_OBJC_MSGSEND = YES;
				ENABLE_TESTABILITY = YES;
				GCC_C_LANGUAGE_STANDARD = gnu11;
				GCC_DYNAMIC_NO_PIC = NO;
				GCC_NO_COMMON_BLOCKS = YES;
				GCC_OPTIMIZATION_LEVEL = 0;
				GCC_PREPROCESSOR_DEFINITIONS = (
					"DEBUG=1",
					"$(inherited)",
				);
				GCC_WARN_64_TO_32_BIT_CONVERSION = YES;
				GCC_WARN_ABOUT_RETURN_TYPE = YES_ERROR;
				GCC_WARN_UNDECLARED_SELECTOR = YES;
				GCC_WARN_UNINITIALIZED_AUTOS = YES_AGGRESSIVE;
				GCC_WARN_UNUSED_FUNCTION = YES;
				GCC_WARN_UNUSED_VARIABLE = YES;
				IPHONEOS_DEPLOYMENT_TARGET = 16.0;
				MTL_ENABLE_DEBUG_INFO = INCLUDE_SOURCE;
				MTL_FAST_MATH = YES;
				ONLY_ACTIVE_ARCH = YES;
				SDKROOT = iphoneos;
				SWIFT_ACTIVE_COMPILATION_CONDITIONS = DEBUG;
				SWIFT_OPTIMIZATION_LEVEL = "-Onone";
			};
			name = Debug;
		};
		D4E8173D28D9F7F600775EFA /* Release */ = {
			isa = XCBuildConfiguration;
			buildSettings = {
				ALWAYS_SEARCH_USER_PATHS = NO;
				CLANG_ANALYZER_NONNULL = YES;
				CLANG_ANALYZER_NUMBER_OBJECT_CONVERSION = YES_AGGRESSIVE;
				CLANG_CXX_LANGUAGE_STANDARD = "compiler-default";
				CLANG_ENABLE_MODULES = YES;
				CLANG_ENABLE_OBJC_ARC = YES;
				CLANG_ENABLE_OBJC_WEAK = YES;
				CLANG_WARN_BLOCK_CAPTURE_AUTORELEASING = YES;
				CLANG_WARN_BOOL_CONVERSION = YES;
				CLANG_WARN_COMMA = YES;
				CLANG_WARN_CONSTANT_CONVERSION = YES;
				CLANG_WARN_DEPRECATED_OBJC_IMPLEMENTATIONS = YES;
				CLANG_WARN_DIRECT_OBJC_ISA_USAGE = YES_ERROR;
				CLANG_WARN_DOCUMENTATION_COMMENTS = YES;
				CLANG_WARN_EMPTY_BODY = YES;
				CLANG_WARN_ENUM_CONVERSION = YES;
				CLANG_WARN_INFINITE_RECURSION = YES;
				CLANG_WARN_INT_CONVERSION = YES;
				CLANG_WARN_NON_LITERAL_NULL_CONVERSION = YES;
				CLANG_WARN_OBJC_IMPLICIT_RETAIN_SELF = YES;
				CLANG_WARN_OBJC_LITERAL_CONVERSION = YES;
				CLANG_WARN_OBJC_ROOT_CLASS = YES_ERROR;
				CLANG_WARN_QUOTED_INCLUDE_IN_FRAMEWORK_HEADER = YES;
				CLANG_WARN_RANGE_LOOP_ANALYSIS = YES;
				CLANG_WARN_STRICT_PROTOTYPES = YES;
				CLANG_WARN_SUSPICIOUS_MOVE = YES;
				CLANG_WARN_UNGUARDED_AVAILABILITY = YES_AGGRESSIVE;
				CLANG_WARN_UNREACHABLE_CODE = YES;
				CLANG_WARN__DUPLICATE_METHOD_MATCH = YES;
				COPY_PHASE_STRIP = NO;
				DEBUG_INFORMATION_FORMAT = "dwarf-with-dsym";
				ENABLE_NS_ASSERTIONS = NO;
				ENABLE_PREVIEWS = YES;
				ENABLE_STRICT_OBJC_MSGSEND = YES;
				GCC_C_LANGUAGE_STANDARD = gnu11;
				GCC_NO_COMMON_BLOCKS = YES;
				GCC_OPTIMIZATION_LEVEL = 0;
				GCC_WARN_64_TO_32_BIT_CONVERSION = YES;
				GCC_WARN_ABOUT_RETURN_TYPE = YES_ERROR;
				GCC_WARN_UNDECLARED_SELECTOR = YES;
				GCC_WARN_UNINITIALIZED_AUTOS = YES_AGGRESSIVE;
				GCC_WARN_UNUSED_FUNCTION = YES;
				GCC_WARN_UNUSED_VARIABLE = YES;
				IPHONEOS_DEPLOYMENT_TARGET = 16.0;
				MTL_ENABLE_DEBUG_INFO = NO;
				MTL_FAST_MATH = YES;
				SDKROOT = iphoneos;
				SWIFT_OPTIMIZATION_LEVEL = "-Onone";
				VALIDATE_PRODUCT = YES;
			};
			name = Release;
		};
		D4E8173F28D9F7F600775EFA /* Debug */ = {
			isa = XCBuildConfiguration;
			buildSettings = {
				ASSETCATALOG_COMPILER_APPICON_NAME = AppIcon;
				ASSETCATALOG_COMPILER_GLOBAL_ACCENT_COLOR_NAME = AccentColor;
				ASSETCATALOG_COMPILER_INCLUDE_ALL_APPICON_ASSETS = YES;
				CODE_SIGN_STYLE = Automatic;
				CURRENT_PROJECT_VERSION = 6;
				DEVELOPMENT_ASSET_PATHS = "\"watering/Assets\"";
				DEVELOPMENT_TEAM = 37U5X9NN8C;
				ENABLE_PREVIEWS = YES;
				GENERATE_INFOPLIST_FILE = YES;
				INFOPLIST_FILE = watering/Info.plist;
				INFOPLIST_KEY_LSApplicationCategoryType = "public.app-category.utilities";
				INFOPLIST_KEY_UIApplicationSceneManifest_Generation = YES;
				INFOPLIST_KEY_UIApplicationSupportsIndirectInputEvents = YES;
				INFOPLIST_KEY_UILaunchScreen_Generation = YES;
				INFOPLIST_KEY_UIStatusBarStyle = "";
				INFOPLIST_KEY_UISupportedInterfaceOrientations = UIInterfaceOrientationPortrait;
				IPHONEOS_DEPLOYMENT_TARGET = 16.0;
				LD_RUNPATH_SEARCH_PATHS = (
					"$(inherited)",
					"@executable_path/Frameworks",
				);
				MARKETING_VERSION = 0.1.5;
				PRODUCT_BUNDLE_IDENTIFIER = co.ayslana.watering;
				PRODUCT_NAME = "$(TARGET_NAME)";
				SUPPORTED_PLATFORMS = "iphoneos iphonesimulator";
				SUPPORTS_MACCATALYST = NO;
				SUPPORTS_MAC_DESIGNED_FOR_IPHONE_IPAD = NO;
				SWIFT_EMIT_LOC_STRINGS = YES;
				SWIFT_VERSION = 5.0;
				TARGETED_DEVICE_FAMILY = 1;
			};
			name = Debug;
		};
		D4E8174028D9F7F600775EFA /* Release */ = {
			isa = XCBuildConfiguration;
			buildSettings = {
				ASSETCATALOG_COMPILER_APPICON_NAME = AppIcon;
				ASSETCATALOG_COMPILER_GLOBAL_ACCENT_COLOR_NAME = AccentColor;
				ASSETCATALOG_COMPILER_INCLUDE_ALL_APPICON_ASSETS = YES;
				CODE_SIGN_IDENTITY = "Apple Development";
				CODE_SIGN_STYLE = Automatic;
				CURRENT_PROJECT_VERSION = 1;
				DEVELOPMENT_ASSET_PATHS = "\"watering/Assets\"";
				DEVELOPMENT_TEAM = 37U5X9NN8C;
				ENABLE_PREVIEWS = YES;
				GENERATE_INFOPLIST_FILE = YES;
				INFOPLIST_FILE = watering/Info.plist;
				INFOPLIST_KEY_LSApplicationCategoryType = "public.app-category.utilities";
				INFOPLIST_KEY_UIApplicationSceneManifest_Generation = YES;
				INFOPLIST_KEY_UIApplicationSupportsIndirectInputEvents = YES;
				INFOPLIST_KEY_UILaunchScreen_Generation = YES;
				INFOPLIST_KEY_UIStatusBarStyle = "";
				INFOPLIST_KEY_UISupportedInterfaceOrientations = UIInterfaceOrientationPortrait;
				IPHONEOS_DEPLOYMENT_TARGET = 16.0;
				LD_RUNPATH_SEARCH_PATHS = (
					"$(inherited)",
					"@executable_path/Frameworks",
				);
				MARKETING_VERSION = 0.1.5;
				PRODUCT_BUNDLE_IDENTIFIER = co.ayslana.watering;
				PRODUCT_NAME = "$(TARGET_NAME)";
				PROVISIONING_PROFILE_SPECIFIER = "";
				SUPPORTED_PLATFORMS = "iphoneos iphonesimulator";
				SUPPORTS_MACCATALYST = NO;
				SUPPORTS_MAC_DESIGNED_FOR_IPHONE_IPAD = NO;
				SWIFT_EMIT_LOC_STRINGS = YES;
				SWIFT_VERSION = 5.0;
				TARGETED_DEVICE_FAMILY = 1;
			};
			name = Release;
		};
		D4E8174228D9F7F600775EFA /* Debug */ = {
			isa = XCBuildConfiguration;
			buildSettings = {
				ALWAYS_EMBED_SWIFT_STANDARD_LIBRARIES = YES;
				BUNDLE_LOADER = "$(TEST_HOST)";
				CODE_SIGN_STYLE = Automatic;
				CURRENT_PROJECT_VERSION = 1;
				DEVELOPMENT_TEAM = 37U5X9NN8C;
				GENERATE_INFOPLIST_FILE = YES;
				IPHONEOS_DEPLOYMENT_TARGET = 16.0;
				MARKETING_VERSION = 1.0;
				PRODUCT_BUNDLE_IDENTIFIER = ayslana.wateringTests;
				PRODUCT_NAME = "$(TARGET_NAME)";
				SWIFT_EMIT_LOC_STRINGS = NO;
				SWIFT_VERSION = 5.0;
				TARGETED_DEVICE_FAMILY = "1,2";
				TEST_HOST = "$(BUILT_PRODUCTS_DIR)/watering.app/$(BUNDLE_EXECUTABLE_FOLDER_PATH)/watering";
			};
			name = Debug;
		};
		D4E8174328D9F7F600775EFA /* Release */ = {
			isa = XCBuildConfiguration;
			buildSettings = {
				ALWAYS_EMBED_SWIFT_STANDARD_LIBRARIES = YES;
				BUNDLE_LOADER = "$(TEST_HOST)";
				CODE_SIGN_STYLE = Automatic;
				CURRENT_PROJECT_VERSION = 1;
				DEVELOPMENT_TEAM = 37U5X9NN8C;
				GENERATE_INFOPLIST_FILE = YES;
				IPHONEOS_DEPLOYMENT_TARGET = 16.0;
				MARKETING_VERSION = 1.0;
				PRODUCT_BUNDLE_IDENTIFIER = ayslana.wateringTests;
				PRODUCT_NAME = "$(TARGET_NAME)";
				SWIFT_EMIT_LOC_STRINGS = NO;
				SWIFT_VERSION = 5.0;
				TARGETED_DEVICE_FAMILY = "1,2";
				TEST_HOST = "$(BUILT_PRODUCTS_DIR)/watering.app/$(BUNDLE_EXECUTABLE_FOLDER_PATH)/watering";
			};
			name = Release;
		};
		D4E8174528D9F7F600775EFA /* Debug */ = {
			isa = XCBuildConfiguration;
			buildSettings = {
				ALWAYS_EMBED_SWIFT_STANDARD_LIBRARIES = YES;
				CODE_SIGN_STYLE = Automatic;
				CURRENT_PROJECT_VERSION = 1;
				DEVELOPMENT_TEAM = 37U5X9NN8C;
				GENERATE_INFOPLIST_FILE = YES;
				MARKETING_VERSION = 1.0;
				PRODUCT_BUNDLE_IDENTIFIER = ayslana.wateringUITests;
				PRODUCT_NAME = "$(TARGET_NAME)";
				SWIFT_EMIT_LOC_STRINGS = NO;
				SWIFT_VERSION = 5.0;
				TARGETED_DEVICE_FAMILY = "1,2";
				TEST_TARGET_NAME = watering;
			};
			name = Debug;
		};
		D4E8174628D9F7F600775EFA /* Release */ = {
			isa = XCBuildConfiguration;
			buildSettings = {
				ALWAYS_EMBED_SWIFT_STANDARD_LIBRARIES = YES;
				CODE_SIGN_STYLE = Automatic;
				CURRENT_PROJECT_VERSION = 1;
				DEVELOPMENT_TEAM = 37U5X9NN8C;
				GENERATE_INFOPLIST_FILE = YES;
				MARKETING_VERSION = 1.0;
				PRODUCT_BUNDLE_IDENTIFIER = ayslana.wateringUITests;
				PRODUCT_NAME = "$(TARGET_NAME)";
				SWIFT_EMIT_LOC_STRINGS = NO;
				SWIFT_VERSION = 5.0;
				TARGETED_DEVICE_FAMILY = "1,2";
				TEST_TARGET_NAME = watering;
			};
			name = Release;
		};
/* End XCBuildConfiguration section */

/* Begin XCConfigurationList section */
		D4E8171028D9F7F600775EFA /* Build configuration list for PBXProject "watering" */ = {
			isa = XCConfigurationList;
			buildConfigurations = (
				D4E8173C28D9F7F600775EFA /* Debug */,
				D4E8173D28D9F7F600775EFA /* Release */,
			);
			defaultConfigurationIsVisible = 0;
			defaultConfigurationName = Release;
		};
		D4E8173E28D9F7F600775EFA /* Build configuration list for PBXNativeTarget "Watering" */ = {
			isa = XCConfigurationList;
			buildConfigurations = (
				D4E8173F28D9F7F600775EFA /* Debug */,
				D4E8174028D9F7F600775EFA /* Release */,
			);
			defaultConfigurationIsVisible = 0;
			defaultConfigurationName = Release;
		};
		D4E8174128D9F7F600775EFA /* Build configuration list for PBXNativeTarget "wateringTests" */ = {
			isa = XCConfigurationList;
			buildConfigurations = (
				D4E8174228D9F7F600775EFA /* Debug */,
				D4E8174328D9F7F600775EFA /* Release */,
			);
			defaultConfigurationIsVisible = 0;
			defaultConfigurationName = Release;
		};
		D4E8174428D9F7F600775EFA /* Build configuration list for PBXNativeTarget "wateringUITests" */ = {
			isa = XCConfigurationList;
			buildConfigurations = (
				D4E8174528D9F7F600775EFA /* Debug */,
				D4E8174628D9F7F600775EFA /* Release */,
			);
			defaultConfigurationIsVisible = 0;
			defaultConfigurationName = Release;
		};
/* End XCConfigurationList section */
	};
	rootObject = D4E8170D28D9F7F600775EFA /* Project object */;
}
