// !$*UTF8*$!
{
	archiveVersion = 1;
	classes = {
	};
	objectVersion = 56;
	objects = {

/* Begin PBXBuildFile section */
		4502B0B428DD50D700F54CD2 /* plants.dae in Resources */ = {isa = PBXBuildFile; fileRef = 4502B0B328DD50D700F54CD2 /* plants.dae */; };
		D42A4E8D28DBFAD900B0ACA9 /* ChoosePlantView.swift in Sources */ = {isa = PBXBuildFile; fileRef = D42A4E8C28DBFAD900B0ACA9 /* ChoosePlantView.swift */; };
		D42A4E8F28DCA3B700B0ACA9 /* MotherView.swift in Sources */ = {isa = PBXBuildFile; fileRef = D42A4E8E28DCA3B700B0ACA9 /* MotherView.swift */; };
		D42A4E9128DCA44300B0ACA9 /* ViewRouter.swift in Sources */ = {isa = PBXBuildFile; fileRef = D42A4E9028DCA44300B0ACA9 /* ViewRouter.swift */; };
		D44B720D28E1ED6100FBD7A7 /* UserDefaultsController.swift in Sources */ = {isa = PBXBuildFile; fileRef = D44B720C28E1ED6100FBD7A7 /* UserDefaultsController.swift */; };
		D45D34A028DD81400088EB65 /* Persistence.swift in Sources */ = {isa = PBXBuildFile; fileRef = D45D349F28DD81400088EB65 /* Persistence.swift */; };
		D45D34A628DDB32B0088EB65 /* flower.dae in Resources */ = {isa = PBXBuildFile; fileRef = D45D34A528DDB32B0088EB65 /* flower.dae */; };
		D45D34A828DDB3480088EB65 /* cactus.dae in Resources */ = {isa = PBXBuildFile; fileRef = D45D34A728DDB3480088EB65 /* cactus.dae */; };
		D4800ACE28E4755C00669263 /* plants.scn in Resources */ = {isa = PBXBuildFile; fileRef = D4800ACD28E4755C00669263 /* plants.scn */; };
		D4800AD028E4758800669263 /* cactus.scn in Resources */ = {isa = PBXBuildFile; fileRef = D4800ACF28E4758800669263 /* cactus.scn */; };
		D4800AD228E4759600669263 /* flower.scn in Resources */ = {isa = PBXBuildFile; fileRef = D4800AD128E4759600669263 /* flower.scn */; };
		D4E8171928D9F7F600775EFA /* wateringApp.swift in Sources */ = {isa = PBXBuildFile; fileRef = D4E8171828D9F7F600775EFA /* wateringApp.swift */; };
		D4E8171D28D9F7F600775EFA /* Assets.xcassets in Resources */ = {isa = PBXBuildFile; fileRef = D4E8171C28D9F7F600775EFA /* Assets.xcassets */; };
		D4E8172528D9F7F600775EFA /* watering.xcdatamodeld in Sources */ = {isa = PBXBuildFile; fileRef = D4E8172328D9F7F600775EFA /* watering.xcdatamodeld */; };
		D4E8172F28D9F7F600775EFA /* wateringTests.swift in Sources */ = {isa = PBXBuildFile; fileRef = D4E8172E28D9F7F600775EFA /* wateringTests.swift */; };
		D4E8173928D9F7F600775EFA /* wateringUITests.swift in Sources */ = {isa = PBXBuildFile; fileRef = D4E8173828D9F7F600775EFA /* wateringUITests.swift */; };
		D4E8173B28D9F7F600775EFA /* wateringUITestsLaunchTests.swift in Sources */ = {isa = PBXBuildFile; fileRef = D4E8173A28D9F7F600775EFA /* wateringUITestsLaunchTests.swift */; };
		D4E8174928D9FBEF00775EFA /* RegisterPlantView.swift in Sources */ = {isa = PBXBuildFile; fileRef = D4E8174828D9FBEF00775EFA /* RegisterPlantView.swift */; };
		D4E8174B28D9FC1500775EFA /* RegisterPersonView.swift in Sources */ = {isa = PBXBuildFile; fileRef = D4E8174A28D9FC1500775EFA /* RegisterPersonView.swift */; };
		D4E8174D28D9FC3E00775EFA /* FirstAccessView.swift in Sources */ = {isa = PBXBuildFile; fileRef = D4E8174C28D9FC3E00775EFA /* FirstAccessView.swift */; };
		D4E8175228D9FF9800775EFA /* DropWaterModel.swift in Sources */ = {isa = PBXBuildFile; fileRef = D4E8175128D9FF9800775EFA /* DropWaterModel.swift */; };
		D4E8175428D9FFE300775EFA /* WateringView.swift in Sources */ = {isa = PBXBuildFile; fileRef = D4E8175328D9FFE300775EFA /* WateringView.swift */; };
		D4E8175628DA004000775EFA /* PlantView.swift in Sources */ = {isa = PBXBuildFile; fileRef = D4E8175528DA004000775EFA /* PlantView.swift */; };
		D4E8175828DA007000775EFA /* WaterWaveView.swift in Sources */ = {isa = PBXBuildFile; fileRef = D4E8175728DA007000775EFA /* WaterWaveView.swift */; };
		D4E8175B28DA00AD00775EFA /* RainSceneView.swift in Sources */ = {isa = PBXBuildFile; fileRef = D4E8175A28DA00AD00775EFA /* RainSceneView.swift */; };
		D4E8175F28DA014C00775EFA /* Assets.xcassets in Resources */ = {isa = PBXBuildFile; fileRef = D4E8175D28DA014C00775EFA /* Assets.xcassets */; };
		D4E8176128DA018500775EFA /* RainDrops.sks in Resources */ = {isa = PBXBuildFile; fileRef = D4E8176028DA018500775EFA /* RainDrops.sks */; };
		D4E8176528DA026400775EFA /* WaterSound.mp3 in Resources */ = {isa = PBXBuildFile; fileRef = D4E8176328DA026400775EFA /* WaterSound.mp3 */; };
		D4E8176628DA026400775EFA /* DoneSound.mp3 in Resources */ = {isa = PBXBuildFile; fileRef = D4E8176428DA026400775EFA /* DoneSound.mp3 */; };
		D4E8176828DA055300775EFA /* NotificationController.swift in Sources */ = {isa = PBXBuildFile; fileRef = D4E8176728DA055300775EFA /* NotificationController.swift */; };
		D4F8943D28E3417800CD7216 /* succullent.dae in Resources */ = {isa = PBXBuildFile; fileRef = D4F8943C28E3417800CD7216 /* succullent.dae */; };
		D4F8944128E3453E00CD7216 /* succullent.scn in Resources */ = {isa = PBXBuildFile; fileRef = D4F8944028E3453E00CD7216 /* succullent.scn */; };
/* End PBXBuildFile section */

/* Begin PBXContainerItemProxy section */
		D4E8172B28D9F7F600775EFA /* PBXContainerItemProxy */ = {
			isa = PBXContainerItemProxy;
			containerPortal = D4E8170D28D9F7F600775EFA /* Project object */;
			proxyType = 1;
			remoteGlobalIDString = D4E8171428D9F7F600775EFA;
			remoteInfo = watering;
		};
		D4E8173528D9F7F600775EFA /* PBXContainerItemProxy */ = {
			isa = PBXContainerItemProxy;
			containerPortal = D4E8170D28D9F7F600775EFA /* Project object */;
			proxyType = 1;
			remoteGlobalIDString = D4E8171428D9F7F600775EFA;
			remoteInfo = watering;
		};
/* End PBXContainerItemProxy section */

/* Begin PBXFileReference section */
		4502B0B328DD50D700F54CD2 /* plants.dae */ = {isa = PBXFileReference; fileEncoding = 4; lastKnownFileType = text.xml.dae; path = plants.dae; sourceTree = "<group>"; };
		45F2827A28DDE090009B4875 /* Info.plist */ = {isa = PBXFileReference; lastKnownFileType = text.plist; path = Info.plist; sourceTree = "<group>"; };
		D42A4E8C28DBFAD900B0ACA9 /* ChoosePlantView.swift */ = {isa = PBXFileReference; lastKnownFileType = sourcecode.swift; path = ChoosePlantView.swift; sourceTree = "<group>"; };
		D42A4E8E28DCA3B700B0ACA9 /* MotherView.swift */ = {isa = PBXFileReference; lastKnownFileType = sourcecode.swift; path = MotherView.swift; sourceTree = "<group>"; };
		D42A4E9028DCA44300B0ACA9 /* ViewRouter.swift */ = {isa = PBXFileReference; lastKnownFileType = sourcecode.swift; path = ViewRouter.swift; sourceTree = "<group>"; };
		D44B720C28E1ED6100FBD7A7 /* UserDefaultsController.swift */ = {isa = PBXFileReference; lastKnownFileType = sourcecode.swift; path = UserDefaultsController.swift; sourceTree = "<group>"; };
		D45D349F28DD81400088EB65 /* Persistence.swift */ = {isa = PBXFileReference; lastKnownFileType = sourcecode.swift; path = Persistence.swift; sourceTree = "<group>"; };
		D45D34A528DDB32B0088EB65 /* flower.dae */ = {isa = PBXFileReference; fileEncoding = 4; lastKnownFileType = text.xml.dae; path = flower.dae; sourceTree = "<group>"; };
		D45D34A728DDB3480088EB65 /* cactus.dae */ = {isa = PBXFileReference; fileEncoding = 4; lastKnownFileType = text.xml.dae; path = cactus.dae; sourceTree = "<group>"; };
		D4800ACD28E4755C00669263 /* plants.scn */ = {isa = PBXFileReference; lastKnownFileType = file.bplist; path = plants.scn; sourceTree = "<group>"; };
		D4800ACF28E4758800669263 /* cactus.scn */ = {isa = PBXFileReference; lastKnownFileType = file.bplist; path = cactus.scn; sourceTree = "<group>"; };
		D4800AD128E4759600669263 /* flower.scn */ = {isa = PBXFileReference; lastKnownFileType = file.bplist; path = flower.scn; sourceTree = "<group>"; };
		D4E8171528D9F7F600775EFA /* Watering.app */ = {isa = PBXFileReference; explicitFileType = wrapper.application; includeInIndex = 0; path = Watering.app; sourceTree = BUILT_PRODUCTS_DIR; };
		D4E8171828D9F7F600775EFA /* wateringApp.swift */ = {isa = PBXFileReference; lastKnownFileType = sourcecode.swift; path = wateringApp.swift; sourceTree = "<group>"; };
		D4E8171C28D9F7F600775EFA /* Assets.xcassets */ = {isa = PBXFileReference; lastKnownFileType = folder.assetcatalog; path = Assets.xcassets; sourceTree = "<group>"; };
		D4E8172428D9F7F600775EFA /* watering.xcdatamodel */ = {isa = PBXFileReference; lastKnownFileType = wrapper.xcdatamodel; path = watering.xcdatamodel; sourceTree = "<group>"; };
		D4E8172A28D9F7F600775EFA /* wateringTests.xctest */ = {isa = PBXFileReference; explicitFileType = wrapper.cfbundle; includeInIndex = 0; path = wateringTests.xctest; sourceTree = BUILT_PRODUCTS_DIR; };
		D4E8172E28D9F7F600775EFA /* wateringTests.swift */ = {isa = PBXFileReference; lastKnownFileType = sourcecode.swift; path = wateringTests.swift; sourceTree = "<group>"; };
		D4E8173428D9F7F600775EFA /* wateringUITests.xctest */ = {isa = PBXFileReference; explicitFileType = wrapper.cfbundle; includeInIndex = 0; path = wateringUITests.xctest; sourceTree = BUILT_PRODUCTS_DIR; };
		D4E8173828D9F7F600775EFA /* wateringUITests.swift */ = {isa = PBXFileReference; lastKnownFileType = sourcecode.swift; path = wateringUITests.swift; sourceTree = "<group>"; };
		D4E8173A28D9F7F600775EFA /* wateringUITestsLaunchTests.swift */ = {isa = PBXFileReference; lastKnownFileType = sourcecode.swift; path = wateringUITestsLaunchTests.swift; sourceTree = "<group>"; };
		D4E8174828D9FBEF00775EFA /* RegisterPlantView.swift */ = {isa = PBXFileReference; lastKnownFileType = sourcecode.swift; path = RegisterPlantView.swift; sourceTree = "<group>"; };
		D4E8174A28D9FC1500775EFA /* RegisterPersonView.swift */ = {isa = PBXFileReference; lastKnownFileType = sourcecode.swift; path = RegisterPersonView.swift; sourceTree = "<group>"; };
		D4E8174C28D9FC3E00775EFA /* FirstAccessView.swift */ = {isa = PBXFileReference; lastKnownFileType = sourcecode.swift; path = FirstAccessView.swift; sourceTree = "<group>"; };
		D4E8175128D9FF9800775EFA /* DropWaterModel.swift */ = {isa = PBXFileReference; lastKnownFileType = sourcecode.swift; path = DropWaterModel.swift; sourceTree = "<group>"; };
		D4E8175328D9FFE300775EFA /* WateringView.swift */ = {isa = PBXFileReference; lastKnownFileType = sourcecode.swift; path = WateringView.swift; sourceTree = "<group>"; };
		D4E8175528DA004000775EFA /* PlantView.swift */ = {isa = PBXFileReference; lastKnownFileType = sourcecode.swift; path = PlantView.swift; sourceTree = "<group>"; };
		D4E8175728DA007000775EFA /* WaterWaveView.swift */ = {isa = PBXFileReference; lastKnownFileType = sourcecode.swift; path = WaterWaveView.swift; sourceTree = "<group>"; };
		D4E8175A28DA00AD00775EFA /* RainSceneView.swift */ = {isa = PBXFileReference; lastKnownFileType = sourcecode.swift; path = RainSceneView.swift; sourceTree = "<group>"; };
		D4E8175D28DA014C00775EFA /* Assets.xcassets */ = {isa = PBXFileReference; lastKnownFileType = folder.assetcatalog; path = Assets.xcassets; sourceTree = "<group>"; };
		D4E8176028DA018500775EFA /* RainDrops.sks */ = {isa = PBXFileReference; lastKnownFileType = file.sks; path = RainDrops.sks; sourceTree = "<group>"; };
		D4E8176328DA026400775EFA /* WaterSound.mp3 */ = {isa = PBXFileReference; lastKnownFileType = audio.mp3; path = WaterSound.mp3; sourceTree = "<group>"; };
		D4E8176428DA026400775EFA /* DoneSound.mp3 */ = {isa = PBXFileReference; lastKnownFileType = audio.mp3; path = DoneSound.mp3; sourceTree = "<group>"; };
		D4E8176728DA055300775EFA /* NotificationController.swift */ = {isa = PBXFileReference; lastKnownFileType = sourcecode.swift; path = NotificationController.swift; sourceTree = "<group>"; };
		D4F8943C28E3417800CD7216 /* succullent.dae */ = {isa = PBXFileReference; fileEncoding = 4; lastKnownFileType = text.xml.dae; path = succullent.dae; sourceTree = "<group>"; };
		D4F8944028E3453E00CD7216 /* succullent.scn */ = {isa = PBXFileReference; lastKnownFileType = file.bplist; path = succullent.scn; sourceTree = "<group>"; };
/* End PBXFileReference section */

/* Begin PBXFrameworksBuildPhase section */
		D4E8171228D9F7F600775EFA /* Frameworks */ = {
			isa = PBXFrameworksBuildPhase;
			buildActionMask = 2147483647;
			files = (
			);
			runOnlyForDeploymentPostprocessing = 0;
		};
		D4E8172728D9F7F600775EFA /* Frameworks */ = {
			isa = PBXFrameworksBuildPhase;
			buildActionMask = 2147483647;
			files = (
			);
			runOnlyForDeploymentPostprocessing = 0;
		};
		D4E8173128D9F7F600775EFA /* Frameworks */ = {
			isa = PBXFrameworksBuildPhase;
			buildActionMask = 2147483647;
			files = (
			);
			runOnlyForDeploymentPostprocessing = 0;
		};
/* End PBXFrameworksBuildPhase section */

/* Begin PBXGroup section */
		D4E8170C28D9F7F600775EFA = {
			isa = PBXGroup;
			children = (
				D4E8171728D9F7F600775EFA /* watering */,
				D4E8172D28D9F7F600775EFA /* wateringTests */,
				D4E8173728D9F7F600775EFA /* wateringUITests */,
				D4E8171628D9F7F600775EFA /* Products */,
			);
			sourceTree = "<group>";
		};
		D4E8171628D9F7F600775EFA /* Products */ = {
			isa = PBXGroup;
			children = (
				D4E8171528D9F7F600775EFA /* Watering.app */,
				D4E8172A28D9F7F600775EFA /* wateringTests.xctest */,
				D4E8173428D9F7F600775EFA /* wateringUITests.xctest */,
			);
			name = Products;
			sourceTree = "<group>";
		};
		D4E8171728D9F7F600775EFA /* watering */ = {
			isa = PBXGroup;
			children = (
				45F2827A28DDE090009B4875 /* Info.plist */,
				D4E8175028D9FDCE00775EFA /* Controllers */,
				D4E8174F28D9FDB700775EFA /* Models */,
				D4E8174E28D9FDA800775EFA /* Assets */,
				D4E8174728D9FB6300775EFA /* Views */,
				D4E8171828D9F7F600775EFA /* wateringApp.swift */,
				D4E8171C28D9F7F600775EFA /* Assets.xcassets */,
				D4E8172328D9F7F600775EFA /* watering.xcdatamodeld */,
				D45D349F28DD81400088EB65 /* Persistence.swift */,
			);
			path = watering;
			sourceTree = "<group>";
		};
		D4E8172D28D9F7F600775EFA /* wateringTests */ = {
			isa = PBXGroup;
			children = (
				D4E8172E28D9F7F600775EFA /* wateringTests.swift */,
			);
			path = wateringTests;
			sourceTree = "<group>";
		};
		D4E8173728D9F7F600775EFA /* wateringUITests */ = {
			isa = PBXGroup;
			children = (
				D4E8173828D9F7F600775EFA /* wateringUITests.swift */,
				D4E8173A28D9F7F600775EFA /* wateringUITestsLaunchTests.swift */,
			);
			path = wateringUITests;
			sourceTree = "<group>";
		};
		D4E8174728D9FB6300775EFA /* Views */ = {
			isa = PBXGroup;
			children = (
				D4E8174828D9FBEF00775EFA /* RegisterPlantView.swift */,
				D4E8174A28D9FC1500775EFA /* RegisterPersonView.swift */,
				D4E8174C28D9FC3E00775EFA /* FirstAccessView.swift */,
				D4E8175328D9FFE300775EFA /* WateringView.swift */,
				D4E8175528DA004000775EFA /* PlantView.swift */,
				D4E8175728DA007000775EFA /* WaterWaveView.swift */,
				D4E8175A28DA00AD00775EFA /* RainSceneView.swift */,
				D42A4E8C28DBFAD900B0ACA9 /* ChoosePlantView.swift */,
				D42A4E8E28DCA3B700B0ACA9 /* MotherView.swift */,
			);
			path = Views;
			sourceTree = "<group>";
		};
		D4E8174E28D9FDA800775EFA /* Assets */ = {
			isa = PBXGroup;
			children = (
				D4E8176228DA01C500775EFA /* Sounds */,
				D4E8175D28DA014C00775EFA /* Assets.xcassets */,
				D4E8176028DA018500775EFA /* RainDrops.sks */,
			);
			path = Assets;
			sourceTree = "<group>";
		};
		D4E8174F28D9FDB700775EFA /* Models */ = {
			isa = PBXGroup;
			children = (
				D4E8175128D9FF9800775EFA /* DropWaterModel.swift */,
			);
			path = Models;
			sourceTree = "<group>";
		};
		D4E8175028D9FDCE00775EFA /* Controllers */ = {
			isa = PBXGroup;
			children = (
				D4E8176728DA055300775EFA /* NotificationController.swift */,
				D42A4E9028DCA44300B0ACA9 /* ViewRouter.swift */,
				D44B720C28E1ED6100FBD7A7 /* UserDefaultsController.swift */,
			);
			path = Controllers;
			sourceTree = "<group>";
		};
		D4E8176228DA01C500775EFA /* Sounds */ = {
			isa = PBXGroup;
			children = (
				D4F8943C28E3417800CD7216 /* succullent.dae */,
				D4F8944028E3453E00CD7216 /* succullent.scn */,
				4502B0B328DD50D700F54CD2 /* plants.dae */,
				D4800ACD28E4755C00669263 /* plants.scn */,
				D45D34A728DDB3480088EB65 /* cactus.dae */,
				D4800ACF28E4758800669263 /* cactus.scn */,
				D45D34A528DDB32B0088EB65 /* flower.dae */,
				D4800AD128E4759600669263 /* flower.scn */,
				D4E8176328DA026400775EFA /* WaterSound.mp3 */,
				D4E8176428DA026400775EFA /* DoneSound.mp3 */,
			);
			path = Sounds;
			sourceTree = "<group>";
		};
/* End PBXGroup section */

/* Begin PBXNativeTarget section */
		D4E8171428D9F7F600775EFA /* Watering */ = {
			isa = PBXNativeTarget;
			buildConfigurationList = D4E8173E28D9F7F600775EFA /* Build configuration list for PBXNativeTarget "Watering" */;
			buildPhases = (
				D4E8171128D9F7F600775EFA /* Sources */,
				D4E8171228D9F7F600775EFA /* Frameworks */,
				D4E8171328D9F7F600775EFA /* Resources */,
			);
			buildRules = (
			);
			dependencies = (
			);
			name = Watering;
			productName = watering;
			productReference = D4E8171528D9F7F600775EFA /* Watering.app */;
			productType = "com.apple.product-type.application";
		};
		D4E8172928D9F7F600775EFA /* wateringTests */ = {
			isa = PBXNativeTarget;
			buildConfigurationList = D4E8174128D9F7F600775EFA /* Build configuration list for PBXNativeTarget "wateringTests" */;
			buildPhases = (
				D4E8172628D9F7F600775EFA /* Sources */,
				D4E8172728D9F7F600775EFA /* Frameworks */,
				D4E8172828D9F7F600775EFA /* Resources */,
			);
			buildRules = (
			);
			dependencies = (
				D4E8172C28D9F7F600775EFA /* PBXTargetDependency */,
			);
			name = wateringTests;
			productName = wateringTests;
			productReference = D4E8172A28D9F7F600775EFA /* wateringTests.xctest */;
			productType = "com.apple.product-type.bundle.unit-test";
		};
		D4E8173328D9F7F600775EFA /* wateringUITests */ = {
			isa = PBXNativeTarget;
			buildConfigurationList = D4E8174428D9F7F600775EFA /* Build configuration list for PBXNativeTarget "wateringUITests" */;
			buildPhases = (
				D4E8173028D9F7F600775EFA /* Sources */,
				D4E8173128D9F7F600775EFA /* Frameworks */,
				D4E8173228D9F7F600775EFA /* Resources */,
			);
			buildRules = (
			);
			dependencies = (
				D4E8173628D9F7F600775EFA /* PBXTargetDependency */,
			);
			name = wateringUITests;
			productName = wateringUITests;
			productReference = D4E8173428D9F7F600775EFA /* wateringUITests.xctest */;
			productType = "com.apple.product-type.bundle.ui-testing";
		};
/* End PBXNativeTarget section */

/* Begin PBXProject section */
		D4E8170D28D9F7F600775EFA /* Project object */ = {
			isa = PBXProject;
			attributes = {
				BuildIndependentTargetsInParallel = 1;
				LastSwiftUpdateCheck = 1400;
				LastUpgradeCheck = 1400;
				TargetAttributes = {
					D4E8171428D9F7F600775EFA = {
						CreatedOnToolsVersion = 14.0;
					};
					D4E8172928D9F7F600775EFA = {
						CreatedOnToolsVersion = 14.0;
						TestTargetID = D4E8171428D9F7F600775EFA;
					};
					D4E8173328D9F7F600775EFA = {
						CreatedOnToolsVersion = 14.0;
						TestTargetID = D4E8171428D9F7F600775EFA;
					};
				};
			};
			buildConfigurationList = D4E8171028D9F7F600775EFA /* Build configuration list for PBXProject "watering" */;
			compatibilityVersion = "Xcode 14.0";
			developmentRegion = en;
			hasScannedForEncodings = 0;
			knownRegions = (
				en,
				Base,
			);
			mainGroup = D4E8170C28D9F7F600775EFA;
			productRefGroup = D4E8171628D9F7F600775EFA /* Products */;
			projectDirPath = "";
			projectRoot = "";
			targets = (
				D4E8171428D9F7F600775EFA /* Watering */,
				D4E8172928D9F7F600775EFA /* wateringTests */,
				D4E8173328D9F7F600775EFA /* wateringUITests */,
			);
		};
/* End PBXProject section */

/* Begin PBXResourcesBuildPhase section */
		D4E8171328D9F7F600775EFA /* Resources */ = {
			isa = PBXResourcesBuildPhase;
			buildActionMask = 2147483647;
			files = (
				D45D34A828DDB3480088EB65 /* cactus.dae in Resources */,
				D45D34A628DDB32B0088EB65 /* flower.dae in Resources */,
				D4F8943D28E3417800CD7216 /* succullent.dae in Resources */,
				D4E8171D28D9F7F600775EFA /* Assets.xcassets in Resources */,
				D4800ACE28E4755C00669263 /* plants.scn in Resources */,
				D4E8176628DA026400775EFA /* DoneSound.mp3 in Resources */,
				D4E8176128DA018500775EFA /* RainDrops.sks in Resources */,
				D4800AD028E4758800669263 /* cactus.scn in Resources */,
				D4800AD228E4759600669263 /* flower.scn in Resources */,
				D4F8944128E3453E00CD7216 /* succullent.scn in Resources */,
				D4E8175F28DA014C00775EFA /* Assets.xcassets in Resources */,
				4502B0B428DD50D700F54CD2 /* plants.dae in Resources */,
				D4E8176528DA026400775EFA /* WaterSound.mp3 in Resources */,
			);
			runOnlyForDeploymentPostprocessing = 0;
		};
		D4E8172828D9F7F600775EFA /* Resources */ = {
			isa = PBXResourcesBuildPhase;
			buildActionMask = 2147483647;
			files = (
			);
			runOnlyForDeploymentPostprocessing = 0;
		};
		D4E8173228D9F7F600775EFA /* Resources */ = {
			isa = PBXResourcesBuildPhase;
			buildActionMask = 2147483647;
			files = (
			);
			runOnlyForDeploymentPostprocessing = 0;
		};
/* End PBXResourcesBuildPhase section */

/* Begin PBXSourcesBuildPhase section */
		D4E8171128D9F7F600775EFA /* Sources */ = {
			isa = PBXSourcesBuildPhase;
			buildActionMask = 2147483647;
			files = (
				D4E8175228D9FF9800775EFA /* DropWaterModel.swift in Sources */,
				D42A4E9128DCA44300B0ACA9 /* ViewRouter.swift in Sources */,
				D44B720D28E1ED6100FBD7A7 /* UserDefaultsController.swift in Sources */,
				D42A4E8D28DBFAD900B0ACA9 /* ChoosePlantView.swift in Sources */,
				D4E8174B28D9FC1500775EFA /* RegisterPersonView.swift in Sources */,
				D4E8174928D9FBEF00775EFA /* RegisterPlantView.swift in Sources */,
				D42A4E8F28DCA3B700B0ACA9 /* MotherView.swift in Sources */,
				D45D34A028DD81400088EB65 /* Persistence.swift in Sources */,
				D4E8175B28DA00AD00775EFA /* RainSceneView.swift in Sources */,
				D4E8175828DA007000775EFA /* WaterWaveView.swift in Sources */,
				D4E8172528D9F7F600775EFA /* watering.xcdatamodeld in Sources */,
				D4E8174D28D9FC3E00775EFA /* FirstAccessView.swift in Sources */,
				D4E8176828DA055300775EFA /* NotificationController.swift in Sources */,
				D4E8171928D9F7F600775EFA /* wateringApp.swift in Sources */,
				D4E8175628DA004000775EFA /* PlantView.swift in Sources */,
				D4E8175428D9FFE300775EFA /* WateringView.swift in Sources */,
			);
			runOnlyForDeploymentPostprocessing = 0;
		};
		D4E8172628D9F7F600775EFA /* Sources */ = {
			isa = PBXSourcesBuildPhase;
			buildActionMask = 2147483647;
			files = (
				D4E8172F28D9F7F600775EFA /* wateringTests.swift in Sources */,
			);
			runOnlyForDeploymentPostprocessing = 0;
		};
		D4E8173028D9F7F600775EFA /* Sources */ = {
			isa = PBXSourcesBuildPhase;
			buildActionMask = 2147483647;
			files = (
				D4E8173B28D9F7F600775EFA /* wateringUITestsLaunchTests.swift in Sources */,
				D4E8173928D9F7F600775EFA /* wateringUITests.swift in Sources */,
			);
			runOnlyForDeploymentPostprocessing = 0;
		};
/* End PBXSourcesBuildPhase section */

/* Begin PBXTargetDependency section */
		D4E8172C28D9F7F600775EFA /* PBXTargetDependency */ = {
			isa = PBXTargetDependency;
			target = D4E8171428D9F7F600775EFA /* Watering */;
			targetProxy = D4E8172B28D9F7F600775EFA /* PBXContainerItemProxy */;
		};
		D4E8173628D9F7F600775EFA /* PBXTargetDependency */ = {
			isa = PBXTargetDependency;
			target = D4E8171428D9F7F600775EFA /* Watering */;
			targetProxy = D4E8173528D9F7F600775EFA /* PBXContainerItemProxy */;
		};
/* End PBXTargetDependency section */

/* Begin XCBuildConfiguration section */
		D4E8173C28D9F7F600775EFA /* Debug */ = {
			isa = XCBuildConfiguration;
			buildSettings = {
				ALWAYS_SEARCH_USER_PATHS = NO;
				CLANG_ANALYZER_NONNULL = YES;
				CLANG_ANALYZER_NUMBER_OBJECT_CONVERSION = YES_AGGRESSIVE;
				CLANG_CXX_LANGUAGE_STANDARD = "gnu++20";
				CLANG_ENABLE_MODULES = YES;
				CLANG_ENABLE_OBJC_ARC = YES;
				CLANG_ENABLE_OBJC_WEAK = YES;
				CLANG_WARN_BLOCK_CAPTURE_AUTORELEASING = YES;
				CLANG_WARN_BOOL_CONVERSION = YES;
				CLANG_WARN_COMMA = YES;
				CLANG_WARN_CONSTANT_CONVERSION = YES;
				CLANG_WARN_DEPRECATED_OBJC_IMPLEMENTATIONS = YES;
				CLANG_WARN_DIRECT_OBJC_ISA_USAGE = YES_ERROR;
				CLANG_WARN_DOCUMENTATION_COMMENTS = YES;
				CLANG_WARN_EMPTY_BODY = YES;
				CLANG_WARN_ENUM_CONVERSION = YES;
				CLANG_WARN_INFINITE_RECURSION = YES;
				CLANG_WARN_INT_CONVERSION = YES;
				CLANG_WARN_NON_LITERAL_NULL_CONVERSION = YES;
				CLANG_WARN_OBJC_IMPLICIT_RETAIN_SELF = YES;
				CLANG_WARN_OBJC_LITERAL_CONVERSION = YES;
				CLANG_WARN_OBJC_ROOT_CLASS = YES_ERROR;
				CLANG_WARN_QUOTED_INCLUDE_IN_FRAMEWORK_HEADER = YES;
				CLANG_WARN_RANGE_LOOP_ANALYSIS = YES;
				CLANG_WARN_STRICT_PROTOTYPES = YES;
				CLANG_WARN_SUSPICIOUS_MOVE = YES;
				CLANG_WARN_UNGUARDED_AVAILABILITY = YES_AGGRESSIVE;
				CLANG_WARN_UNREACHABLE_CODE = YES;
				CLANG_WARN__DUPLICATE_METHOD_MATCH = YES;
				COPY_PHASE_STRIP = NO;
				DEBUG_INFORMATION_FORMAT = dwarf;
				ENABLE_STRICT_OBJC_MSGSEND = YES;
				ENABLE_TESTABILITY = YES;
				GCC_C_LANGUAGE_STANDARD = gnu11;
				GCC_DYNAMIC_NO_PIC = NO;
				GCC_NO_COMMON_BLOCKS = YES;
				GCC_OPTIMIZATION_LEVEL = 0;
				GCC_PREPROCESSOR_DEFINITIONS = (
					"DEBUG=1",
					"$(inherited)",
				);
				GCC_WARN_64_TO_32_BIT_CONVERSION = YES;
				GCC_WARN_ABOUT_RETURN_TYPE = YES_ERROR;
				GCC_WARN_UNDECLARED_SELECTOR = YES;
				GCC_WARN_UNINITIALIZED_AUTOS = YES_AGGRESSIVE;
				GCC_WARN_UNUSED_FUNCTION = YES;
				GCC_WARN_UNUSED_VARIABLE = YES;
				IPHONEOS_DEPLOYMENT_TARGET = 16.0;
				MTL_ENABLE_DEBUG_INFO = INCLUDE_SOURCE;
				MTL_FAST_MATH = YES;
				ONLY_ACTIVE_ARCH = YES;
				SDKROOT = iphoneos;
				SWIFT_ACTIVE_COMPILATION_CONDITIONS = DEBUG;
				SWIFT_OPTIMIZATION_LEVEL = "-Onone";
			};
			name = Debug;
		};
		D4E8173D28D9F7F600775EFA /* Release */ = {
			isa = XCBuildConfiguration;
			buildSettings = {
				ALWAYS_SEARCH_USER_PATHS = NO;
				CLANG_ANALYZER_NONNULL = YES;
				CLANG_ANALYZER_NUMBER_OBJECT_CONVERSION = YES_AGGRESSIVE;
				CLANG_CXX_LANGUAGE_STANDARD = "gnu++20";
				CLANG_ENABLE_MODULES = YES;
				CLANG_ENABLE_OBJC_ARC = YES;
				CLANG_ENABLE_OBJC_WEAK = YES;
				CLANG_WARN_BLOCK_CAPTURE_AUTORELEASING = YES;
				CLANG_WARN_BOOL_CONVERSION = YES;
				CLANG_WARN_COMMA = YES;
				CLANG_WARN_CONSTANT_CONVERSION = YES;
				CLANG_WARN_DEPRECATED_OBJC_IMPLEMENTATIONS = YES;
				CLANG_WARN_DIRECT_OBJC_ISA_USAGE = YES_ERROR;
				CLANG_WARN_DOCUMENTATION_COMMENTS = YES;
				CLANG_WARN_EMPTY_BODY = YES;
				CLANG_WARN_ENUM_CONVERSION = YES;
				CLANG_WARN_INFINITE_RECURSION = YES;
				CLANG_WARN_INT_CONVERSION = YES;
				CLANG_WARN_NON_LITERAL_NULL_CONVERSION = YES;
				CLANG_WARN_OBJC_IMPLICIT_RETAIN_SELF = YES;
				CLANG_WARN_OBJC_LITERAL_CONVERSION = YES;
				CLANG_WARN_OBJC_ROOT_CLASS = YES_ERROR;
				CLANG_WARN_QUOTED_INCLUDE_IN_FRAMEWORK_HEADER = YES;
				CLANG_WARN_RANGE_LOOP_ANALYSIS = YES;
				CLANG_WARN_STRICT_PROTOTYPES = YES;
				CLANG_WARN_SUSPICIOUS_MOVE = YES;
				CLANG_WARN_UNGUARDED_AVAILABILITY = YES_AGGRESSIVE;
				CLANG_WARN_UNREACHABLE_CODE = YES;
				CLANG_WARN__DUPLICATE_METHOD_MATCH = YES;
				COPY_PHASE_STRIP = NO;
				DEBUG_INFORMATION_FORMAT = "dwarf-with-dsym";
				ENABLE_NS_ASSERTIONS = NO;
				ENABLE_STRICT_OBJC_MSGSEND = YES;
				GCC_C_LANGUAGE_STANDARD = gnu11;
				GCC_NO_COMMON_BLOCKS = YES;
				GCC_WARN_64_TO_32_BIT_CONVERSION = YES;
				GCC_WARN_ABOUT_RETURN_TYPE = YES_ERROR;
				GCC_WARN_UNDECLARED_SELECTOR = YES;
				GCC_WARN_UNINITIALIZED_AUTOS = YES_AGGRESSIVE;
				GCC_WARN_UNUSED_FUNCTION = YES;
				GCC_WARN_UNUSED_VARIABLE = YES;
				IPHONEOS_DEPLOYMENT_TARGET = 16.0;
				MTL_ENABLE_DEBUG_INFO = NO;
				MTL_FAST_MATH = YES;
				SDKROOT = iphoneos;
				SWIFT_COMPILATION_MODE = wholemodule;
				SWIFT_OPTIMIZATION_LEVEL = "-O";
				VALIDATE_PRODUCT = YES;
			};
			name = Release;
		};
		D4E8173F28D9F7F600775EFA /* Debug */ = {
			isa = XCBuildConfiguration;
			buildSettings = {
				ASSETCATALOG_COMPILER_APPICON_NAME = AppIcon;
				ASSETCATALOG_COMPILER_GLOBAL_ACCENT_COLOR_NAME = AccentColor;
				ASSETCATALOG_COMPILER_INCLUDE_ALL_APPICON_ASSETS = YES;
				CODE_SIGN_STYLE = Automatic;
				CURRENT_PROJECT_VERSION = 3;
				DEVELOPMENT_ASSET_PATHS = "\"watering/Assets\"";
				DEVELOPMENT_TEAM = 37U5X9NN8C;
				ENABLE_PREVIEWS = YES;
				GENERATE_INFOPLIST_FILE = YES;
				INFOPLIST_FILE = watering/Info.plist;
				INFOPLIST_KEY_LSApplicationCategoryType = "public.app-category.utilities";
				INFOPLIST_KEY_UIApplicationSceneManifest_Generation = YES;
				INFOPLIST_KEY_UIApplicationSupportsIndirectInputEvents = YES;
				INFOPLIST_KEY_UILaunchScreen_Generation = YES;
				INFOPLIST_KEY_UIStatusBarStyle = "";
				INFOPLIST_KEY_UISupportedInterfaceOrientations_iPad = "UIInterfaceOrientationPortrait UIInterfaceOrientationPortraitUpsideDown UIInterfaceOrientationLandscapeLeft UIInterfaceOrientationLandscapeRight";
				INFOPLIST_KEY_UISupportedInterfaceOrientations_iPhone = "UIInterfaceOrientationPortrait UIInterfaceOrientationLandscapeLeft UIInterfaceOrientationLandscapeRight";
				LD_RUNPATH_SEARCH_PATHS = (
					"$(inherited)",
					"@executable_path/Frameworks",
				);
				MARKETING_VERSION = 0.1.0;
				PRODUCT_BUNDLE_IDENTIFIER = co.ayslana.watering;
				PRODUCT_NAME = "$(TARGET_NAME)";
				SWIFT_EMIT_LOC_STRINGS = YES;
				SWIFT_VERSION = 5.0;
				TARGETED_DEVICE_FAMILY = "1,2";
			};
			name = Debug;
		};
		D4E8174028D9F7F600775EFA /* Release */ = {
			isa = XCBuildConfiguration;
			buildSettings = {
				ASSETCATALOG_COMPILER_APPICON_NAME = AppIcon;
				ASSETCATALOG_COMPILER_GLOBAL_ACCENT_COLOR_NAME = AccentColor;
				ASSETCATALOG_COMPILER_INCLUDE_ALL_APPICON_ASSETS = YES;
				CODE_SIGN_STYLE = Automatic;
				CURRENT_PROJECT_VERSION = 3;
				DEVELOPMENT_ASSET_PATHS = "\"watering/Assets\"";
				DEVELOPMENT_TEAM = 37U5X9NN8C;
				ENABLE_PREVIEWS = YES;
				GENERATE_INFOPLIST_FILE = YES;
				INFOPLIST_FILE = watering/Info.plist;
				INFOPLIST_KEY_LSApplicationCategoryType = "public.app-category.utilities";
				INFOPLIST_KEY_UIApplicationSceneManifest_Generation = YES;
				INFOPLIST_KEY_UIApplicationSupportsIndirectInputEvents = YES;
				INFOPLIST_KEY_UILaunchScreen_Generation = YES;
				INFOPLIST_KEY_UIStatusBarStyle = "";
				INFOPLIST_KEY_UISupportedInterfaceOrientations_iPad = "UIInterfaceOrientationPortrait UIInterfaceOrientationPortraitUpsideDown UIInterfaceOrientationLandscapeLeft UIInterfaceOrientationLandscapeRight";
				INFOPLIST_KEY_UISupportedInterfaceOrientations_iPhone = "UIInterfaceOrientationPortrait UIInterfaceOrientationLandscapeLeft UIInterfaceOrientationLandscapeRight";
				LD_RUNPATH_SEARCH_PATHS = (
					"$(inherited)",
					"@executable_path/Frameworks",
				);
				MARKETING_VERSION = 0.1.0;
				PRODUCT_BUNDLE_IDENTIFIER = co.ayslana.watering;
				PRODUCT_NAME = "$(TARGET_NAME)";
				SWIFT_EMIT_LOC_STRINGS = YES;
				SWIFT_VERSION = 5.0;
				TARGETED_DEVICE_FAMILY = "1,2";
			};
			name = Release;
		};
		D4E8174228D9F7F600775EFA /* Debug */ = {
			isa = XCBuildConfiguration;
			buildSettings = {
				ALWAYS_EMBED_SWIFT_STANDARD_LIBRARIES = YES;
				BUNDLE_LOADER = "$(TEST_HOST)";
				CODE_SIGN_STYLE = Automatic;
				CURRENT_PROJECT_VERSION = 1;
				DEVELOPMENT_TEAM = 37U5X9NN8C;
				GENERATE_INFOPLIST_FILE = YES;
				IPHONEOS_DEPLOYMENT_TARGET = 16.0;
				MARKETING_VERSION = 1.0;
				PRODUCT_BUNDLE_IDENTIFIER = ayslana.wateringTests;
				PRODUCT_NAME = "$(TARGET_NAME)";
				SWIFT_EMIT_LOC_STRINGS = NO;
				SWIFT_VERSION = 5.0;
				TARGETED_DEVICE_FAMILY = "1,2";
				TEST_HOST = "$(BUILT_PRODUCTS_DIR)/watering.app/$(BUNDLE_EXECUTABLE_FOLDER_PATH)/watering";
			};
			name = Debug;
		};
		D4E8174328D9F7F600775EFA /* Release */ = {
			isa = XCBuildConfiguration;
			buildSettings = {
				ALWAYS_EMBED_SWIFT_STANDARD_LIBRARIES = YES;
				BUNDLE_LOADER = "$(TEST_HOST)";
				CODE_SIGN_STYLE = Automatic;
				CURRENT_PROJECT_VERSION = 1;
				DEVELOPMENT_TEAM = 37U5X9NN8C;
				GENERATE_INFOPLIST_FILE = YES;
				IPHONEOS_DEPLOYMENT_TARGET = 16.0;
				MARKETING_VERSION = 1.0;
				PRODUCT_BUNDLE_IDENTIFIER = ayslana.wateringTests;
				PRODUCT_NAME = "$(TARGET_NAME)";
				SWIFT_EMIT_LOC_STRINGS = NO;
				SWIFT_VERSION = 5.0;
				TARGETED_DEVICE_FAMILY = "1,2";
				TEST_HOST = "$(BUILT_PRODUCTS_DIR)/watering.app/$(BUNDLE_EXECUTABLE_FOLDER_PATH)/watering";
			};
			name = Release;
		};
		D4E8174528D9F7F600775EFA /* Debug */ = {
			isa = XCBuildConfiguration;
			buildSettings = {
				ALWAYS_EMBED_SWIFT_STANDARD_LIBRARIES = YES;
				CODE_SIGN_STYLE = Automatic;
				CURRENT_PROJECT_VERSION = 1;
				DEVELOPMENT_TEAM = 37U5X9NN8C;
				GENERATE_INFOPLIST_FILE = YES;
				MARKETING_VERSION = 1.0;
				PRODUCT_BUNDLE_IDENTIFIER = ayslana.wateringUITests;
				PRODUCT_NAME = "$(TARGET_NAME)";
				SWIFT_EMIT_LOC_STRINGS = NO;
				SWIFT_VERSION = 5.0;
				TARGETED_DEVICE_FAMILY = "1,2";
				TEST_TARGET_NAME = watering;
			};
			name = Debug;
		};
		D4E8174628D9F7F600775EFA /* Release */ = {
			isa = XCBuildConfiguration;
			buildSettings = {
				ALWAYS_EMBED_SWIFT_STANDARD_LIBRARIES = YES;
				CODE_SIGN_STYLE = Automatic;
				CURRENT_PROJECT_VERSION = 1;
				DEVELOPMENT_TEAM = 37U5X9NN8C;
				GENERATE_INFOPLIST_FILE = YES;
				MARKETING_VERSION = 1.0;
				PRODUCT_BUNDLE_IDENTIFIER = ayslana.wateringUITests;
				PRODUCT_NAME = "$(TARGET_NAME)";
				SWIFT_EMIT_LOC_STRINGS = NO;
				SWIFT_VERSION = 5.0;
				TARGETED_DEVICE_FAMILY = "1,2";
				TEST_TARGET_NAME = watering;
			};
			name = Release;
		};
/* End XCBuildConfiguration section */

/* Begin XCConfigurationList section */
		D4E8171028D9F7F600775EFA /* Build configuration list for PBXProject "watering" */ = {
			isa = XCConfigurationList;
			buildConfigurations = (
				D4E8173C28D9F7F600775EFA /* Debug */,
				D4E8173D28D9F7F600775EFA /* Release */,
			);
			defaultConfigurationIsVisible = 0;
			defaultConfigurationName = Release;
		};
		D4E8173E28D9F7F600775EFA /* Build configuration list for PBXNativeTarget "Watering" */ = {
			isa = XCConfigurationList;
			buildConfigurations = (
				D4E8173F28D9F7F600775EFA /* Debug */,
				D4E8174028D9F7F600775EFA /* Release */,
			);
			defaultConfigurationIsVisible = 0;
			defaultConfigurationName = Release;
		};
		D4E8174128D9F7F600775EFA /* Build configuration list for PBXNativeTarget "wateringTests" */ = {
			isa = XCConfigurationList;
			buildConfigurations = (
				D4E8174228D9F7F600775EFA /* Debug */,
				D4E8174328D9F7F600775EFA /* Release */,
			);
			defaultConfigurationIsVisible = 0;
			defaultConfigurationName = Release;
		};
		D4E8174428D9F7F600775EFA /* Build configuration list for PBXNativeTarget "wateringUITests" */ = {
			isa = XCConfigurationList;
			buildConfigurations = (
				D4E8174528D9F7F600775EFA /* Debug */,
				D4E8174628D9F7F600775EFA /* Release */,
			);
			defaultConfigurationIsVisible = 0;
			defaultConfigurationName = Release;
		};
/* End XCConfigurationList section */

/* Begin XCVersionGroup section */
		D4E8172328D9F7F600775EFA /* watering.xcdatamodeld */ = {
			isa = XCVersionGroup;
			children = (
				D4E8172428D9F7F600775EFA /* watering.xcdatamodel */,
			);
			currentVersion = D4E8172428D9F7F600775EFA /* watering.xcdatamodel */;
			path = watering.xcdatamodeld;
			sourceTree = "<group>";
			versionGroupType = wrapper.xcdatamodel;
		};
/* End XCVersionGroup section */
	};
	rootObject = D4E8170D28D9F7F600775EFA /* Project object */;
}
